
Microsoft Visual Studio Solution File, Format Version 12.00
# Visual Studio 14
VisualStudioVersion = 14.0.25420.1
MinimumVisualStudioVersion = 10.0.40219.1
Project("{2150E333-8FDC-42A3-9474-1A3956D46DE8}") = "1 - Presentation", "1 - Presentation", "{FE53529F-44DB-49C0-8A4C-EB3C4776BCBE}"
EndProject
Project("{2150E333-8FDC-42A3-9474-1A3956D46DE8}") = "2 - Services", "2 - Services", "{9C6EF474-6DA7-4CE2-A917-B6AC5BB87E66}"
EndProject
Project("{2150E333-8FDC-42A3-9474-1A3956D46DE8}") = "3 - Application", "3 - Application", "{EE06930C-DFD5-4A8C-93BD-D8D389902D78}"
EndProject
Project("{2150E333-8FDC-42A3-9474-1A3956D46DE8}") = "4 - Domain", "4 - Domain", "{82D201C6-ADB1-41C3-976D-5E4A91B41E07}"
EndProject
Project("{2150E333-8FDC-42A3-9474-1A3956D46DE8}") = "5 - Infra", "5 - Infra", "{38B83BCE-5404-49F2-829F-637A42EE1097}"
EndProject
Project("{FAE04EC0-301F-11D3-BF4B-00C04F79EFBC}") = "VeiculoProtegido.Domain", "src\VeiculoProtegido.Domain\VeiculoProtegido.Domain.csproj", "{69FFAA45-FE3A-481F-A83C-471443C71B3F}"
EndProject
Project("{FAE04EC0-301F-11D3-BF4B-00C04F79EFBC}") = "VeiculoProtegido.Domain.Tests", "tests\VeiculoProtegido.Domain.Tests\VeiculoProtegido.Domain.Tests.csproj", "{2406246B-24D7-4B8A-BB9C-B203D7BC2905}"
EndProject
Project("{2150E333-8FDC-42A3-9474-1A3956D46DE8}") = "5.1 - Data", "5.1 - Data", "{1104712F-C0A9-402D-A179-00DD407F5D17}"
EndProject
Project("{2150E333-8FDC-42A3-9474-1A3956D46DE8}") = "5.2 - CrossCutting", "5.2 - CrossCutting", "{E8DF70B6-E143-4258-BBAC-803010EADAE8}"
EndProject
Project("{FAE04EC0-301F-11D3-BF4B-00C04F79EFBC}") = "VeiculoProtegido.Infra.CrossCutting.IoC", "src\VeiculoProtegido.Infra.CrossCutting.IoC\VeiculoProtegido.Infra.CrossCutting.IoC.csproj", "{4ED5F87B-22F2-4237-980C-4695C4F5F86D}"
EndProject
Project("{2150E333-8FDC-42A3-9474-1A3956D46DE8}") = "1.1 - MVC", "1.1 - MVC", "{0F72EC8C-A6C4-4F55-97B5-61384DA0B618}"
EndProject
Project("{2150E333-8FDC-42A3-9474-1A3956D46DE8}") = "1.2 - WPF", "1.2 - WPF", "{F4F9EB7F-4FF7-44B2-8450-5D205748B62A}"
EndProject
Project("{2150E333-8FDC-42A3-9474-1A3956D46DE8}") = "1.3 - Modile", "1.3 - Modile", "{7916B5D0-C36D-4175-B218-45A59563A1EE}"
EndProject
Project("{FAE04EC0-301F-11D3-BF4B-00C04F79EFBC}") = "VeiculoProtegido.Infra.Data", "src\VeiculoProtegido.Infra.Data\VeiculoProtegido.Infra.Data.csproj", "{F75E77F5-DFDF-4D77-8943-E1861F87C156}"
EndProject
Project("{FAE04EC0-301F-11D3-BF4B-00C04F79EFBC}") = "VeiculoProtegido.UI.Mvc", "src\VeiculoProtegido.UI.Mvc\VeiculoProtegido.UI.Mvc.csproj", "{2EC8C424-F62F-4AE0-852F-41F75F2A003C}"
EndProject
Project("{FAE04EC0-301F-11D3-BF4B-00C04F79EFBC}") = "VeiculoProtegido.Application", "src\VeiculoProtegido.Application\VeiculoProtegido.Application.csproj", "{58C0AA55-D516-44A8-83D5-A5186627FB85}"
EndProject
Project("{FAE04EC0-301F-11D3-BF4B-00C04F79EFBC}") = "VeiculoProtegido.Infra.CrossCutting.Global", "src\VeiculoProtegido.Infra.CrossCutting.Global\VeiculoProtegido.Infra.CrossCutting.Global.csproj", "{6AC6054C-3338-437D-BEE9-7E85BF62BBE3}"
EndProject
Project("{FAE04EC0-301F-11D3-BF4B-00C04F79EFBC}") = "VeiculoProtegido.UI.App", "VeiculoProtegido.UI.App\VeiculoProtegido.UI.App\VeiculoProtegido.UI.App.csproj", "{9B892233-5BF2-4844-A9BF-565F5219ED5E}"
EndProject
Project("{FAE04EC0-301F-11D3-BF4B-00C04F79EFBC}") = "VeiculoProtegido.UI.App.Droid", "VeiculoProtegido.UI.App\VeiculoProtegido.UI.App.Droid\VeiculoProtegido.UI.App.Droid.csproj", "{7ED83239-B160-49BE-BEA5-4BA509142E77}"
EndProject
Project("{FAE04EC0-301F-11D3-BF4B-00C04F79EFBC}") = "VeiculoProtegido.UI.App.iOS", "VeiculoProtegido.UI.App\VeiculoProtegido.UI.App.iOS\VeiculoProtegido.UI.App.iOS.csproj", "{9008D460-D5E5-42C8-B3AA-67C14F795F8A}"
EndProject
Project("{FAE04EC0-301F-11D3-BF4B-00C04F79EFBC}") = "VeiculoProtegido.UI.App.WinPhone", "VeiculoProtegido.UI.App\VeiculoProtegido.UI.App.WinPhone\VeiculoProtegido.UI.App.WinPhone.csproj", "{D86293CE-FD06-4531-AC2C-46192A11701A}"
EndProject
Project("{FAE04EC0-301F-11D3-BF4B-00C04F79EFBC}") = "VeiculoProtegido.UI.App.UWP", "VeiculoProtegido.UI.App\VeiculoProtegido.UI.App.UWP\VeiculoProtegido.UI.App.UWP.csproj", "{4A14E58A-5D0D-4A14-AABD-7F69AB791EF6}"
EndProject
Project("{FAE04EC0-301F-11D3-BF4B-00C04F79EFBC}") = "VeiculoProtegido.UI.App.Windows", "VeiculoProtegido.UI.App\VeiculoProtegido.UI.App.Windows\VeiculoProtegido.UI.App.Windows.csproj", "{FC766D25-9208-4A2C-9BA4-DBC89DA5EB43}"
EndProject
Global
	GlobalSection(SolutionConfigurationPlatforms) = preSolution
		Ad-Hoc|Any CPU = Ad-Hoc|Any CPU
		Ad-Hoc|ARM = Ad-Hoc|ARM
		Ad-Hoc|iPhone = Ad-Hoc|iPhone
		Ad-Hoc|iPhoneSimulator = Ad-Hoc|iPhoneSimulator
		Ad-Hoc|x64 = Ad-Hoc|x64
		Ad-Hoc|x86 = Ad-Hoc|x86
		AppStore|Any CPU = AppStore|Any CPU
		AppStore|ARM = AppStore|ARM
		AppStore|iPhone = AppStore|iPhone
		AppStore|iPhoneSimulator = AppStore|iPhoneSimulator
		AppStore|x64 = AppStore|x64
		AppStore|x86 = AppStore|x86
		Debug|Any CPU = Debug|Any CPU
		Debug|ARM = Debug|ARM
		Debug|iPhone = Debug|iPhone
		Debug|iPhoneSimulator = Debug|iPhoneSimulator
		Debug|x64 = Debug|x64
		Debug|x86 = Debug|x86
		Release|Any CPU = Release|Any CPU
		Release|ARM = Release|ARM
		Release|iPhone = Release|iPhone
		Release|iPhoneSimulator = Release|iPhoneSimulator
		Release|x64 = Release|x64
		Release|x86 = Release|x86
	EndGlobalSection
	GlobalSection(ProjectConfigurationPlatforms) = postSolution
		{69FFAA45-FE3A-481F-A83C-471443C71B3F}.Ad-Hoc|Any CPU.ActiveCfg = Release|Any CPU
		{69FFAA45-FE3A-481F-A83C-471443C71B3F}.Ad-Hoc|Any CPU.Build.0 = Release|Any CPU
		{69FFAA45-FE3A-481F-A83C-471443C71B3F}.Ad-Hoc|ARM.ActiveCfg = Release|Any CPU
		{69FFAA45-FE3A-481F-A83C-471443C71B3F}.Ad-Hoc|ARM.Build.0 = Release|Any CPU
		{69FFAA45-FE3A-481F-A83C-471443C71B3F}.Ad-Hoc|iPhone.ActiveCfg = Release|Any CPU
		{69FFAA45-FE3A-481F-A83C-471443C71B3F}.Ad-Hoc|iPhone.Build.0 = Release|Any CPU
		{69FFAA45-FE3A-481F-A83C-471443C71B3F}.Ad-Hoc|iPhoneSimulator.ActiveCfg = Release|Any CPU
		{69FFAA45-FE3A-481F-A83C-471443C71B3F}.Ad-Hoc|iPhoneSimulator.Build.0 = Release|Any CPU
		{69FFAA45-FE3A-481F-A83C-471443C71B3F}.Ad-Hoc|x64.ActiveCfg = Release|Any CPU
		{69FFAA45-FE3A-481F-A83C-471443C71B3F}.Ad-Hoc|x64.Build.0 = Release|Any CPU
		{69FFAA45-FE3A-481F-A83C-471443C71B3F}.Ad-Hoc|x86.ActiveCfg = Release|Any CPU
		{69FFAA45-FE3A-481F-A83C-471443C71B3F}.Ad-Hoc|x86.Build.0 = Release|Any CPU
		{69FFAA45-FE3A-481F-A83C-471443C71B3F}.AppStore|Any CPU.ActiveCfg = Release|Any CPU
		{69FFAA45-FE3A-481F-A83C-471443C71B3F}.AppStore|Any CPU.Build.0 = Release|Any CPU
		{69FFAA45-FE3A-481F-A83C-471443C71B3F}.AppStore|ARM.ActiveCfg = Release|Any CPU
		{69FFAA45-FE3A-481F-A83C-471443C71B3F}.AppStore|ARM.Build.0 = Release|Any CPU
		{69FFAA45-FE3A-481F-A83C-471443C71B3F}.AppStore|iPhone.ActiveCfg = Release|Any CPU
		{69FFAA45-FE3A-481F-A83C-471443C71B3F}.AppStore|iPhone.Build.0 = Release|Any CPU
		{69FFAA45-FE3A-481F-A83C-471443C71B3F}.AppStore|iPhoneSimulator.ActiveCfg = Release|Any CPU
		{69FFAA45-FE3A-481F-A83C-471443C71B3F}.AppStore|iPhoneSimulator.Build.0 = Release|Any CPU
		{69FFAA45-FE3A-481F-A83C-471443C71B3F}.AppStore|x64.ActiveCfg = Release|Any CPU
		{69FFAA45-FE3A-481F-A83C-471443C71B3F}.AppStore|x64.Build.0 = Release|Any CPU
		{69FFAA45-FE3A-481F-A83C-471443C71B3F}.AppStore|x86.ActiveCfg = Release|Any CPU
		{69FFAA45-FE3A-481F-A83C-471443C71B3F}.AppStore|x86.Build.0 = Release|Any CPU
		{69FFAA45-FE3A-481F-A83C-471443C71B3F}.Debug|Any CPU.ActiveCfg = Debug|Any CPU
		{69FFAA45-FE3A-481F-A83C-471443C71B3F}.Debug|Any CPU.Build.0 = Debug|Any CPU
		{69FFAA45-FE3A-481F-A83C-471443C71B3F}.Debug|ARM.ActiveCfg = Debug|Any CPU
		{69FFAA45-FE3A-481F-A83C-471443C71B3F}.Debug|ARM.Build.0 = Debug|Any CPU
		{69FFAA45-FE3A-481F-A83C-471443C71B3F}.Debug|iPhone.ActiveCfg = Debug|Any CPU
		{69FFAA45-FE3A-481F-A83C-471443C71B3F}.Debug|iPhone.Build.0 = Debug|Any CPU
		{69FFAA45-FE3A-481F-A83C-471443C71B3F}.Debug|iPhoneSimulator.ActiveCfg = Debug|Any CPU
		{69FFAA45-FE3A-481F-A83C-471443C71B3F}.Debug|iPhoneSimulator.Build.0 = Debug|Any CPU
		{69FFAA45-FE3A-481F-A83C-471443C71B3F}.Debug|x64.ActiveCfg = Debug|Any CPU
		{69FFAA45-FE3A-481F-A83C-471443C71B3F}.Debug|x64.Build.0 = Debug|Any CPU
		{69FFAA45-FE3A-481F-A83C-471443C71B3F}.Debug|x86.ActiveCfg = Debug|Any CPU
		{69FFAA45-FE3A-481F-A83C-471443C71B3F}.Debug|x86.Build.0 = Debug|Any CPU
		{69FFAA45-FE3A-481F-A83C-471443C71B3F}.Release|Any CPU.ActiveCfg = Release|Any CPU
		{69FFAA45-FE3A-481F-A83C-471443C71B3F}.Release|Any CPU.Build.0 = Release|Any CPU
		{69FFAA45-FE3A-481F-A83C-471443C71B3F}.Release|ARM.ActiveCfg = Release|Any CPU
		{69FFAA45-FE3A-481F-A83C-471443C71B3F}.Release|ARM.Build.0 = Release|Any CPU
		{69FFAA45-FE3A-481F-A83C-471443C71B3F}.Release|iPhone.ActiveCfg = Release|Any CPU
		{69FFAA45-FE3A-481F-A83C-471443C71B3F}.Release|iPhone.Build.0 = Release|Any CPU
		{69FFAA45-FE3A-481F-A83C-471443C71B3F}.Release|iPhoneSimulator.ActiveCfg = Release|Any CPU
		{69FFAA45-FE3A-481F-A83C-471443C71B3F}.Release|iPhoneSimulator.Build.0 = Release|Any CPU
		{69FFAA45-FE3A-481F-A83C-471443C71B3F}.Release|x64.ActiveCfg = Release|Any CPU
		{69FFAA45-FE3A-481F-A83C-471443C71B3F}.Release|x64.Build.0 = Release|Any CPU
		{69FFAA45-FE3A-481F-A83C-471443C71B3F}.Release|x86.ActiveCfg = Release|Any CPU
		{69FFAA45-FE3A-481F-A83C-471443C71B3F}.Release|x86.Build.0 = Release|Any CPU
		{2406246B-24D7-4B8A-BB9C-B203D7BC2905}.Ad-Hoc|Any CPU.ActiveCfg = Release|Any CPU
		{2406246B-24D7-4B8A-BB9C-B203D7BC2905}.Ad-Hoc|Any CPU.Build.0 = Release|Any CPU
		{2406246B-24D7-4B8A-BB9C-B203D7BC2905}.Ad-Hoc|ARM.ActiveCfg = Release|Any CPU
		{2406246B-24D7-4B8A-BB9C-B203D7BC2905}.Ad-Hoc|ARM.Build.0 = Release|Any CPU
		{2406246B-24D7-4B8A-BB9C-B203D7BC2905}.Ad-Hoc|iPhone.ActiveCfg = Release|Any CPU
		{2406246B-24D7-4B8A-BB9C-B203D7BC2905}.Ad-Hoc|iPhone.Build.0 = Release|Any CPU
		{2406246B-24D7-4B8A-BB9C-B203D7BC2905}.Ad-Hoc|iPhoneSimulator.ActiveCfg = Release|Any CPU
		{2406246B-24D7-4B8A-BB9C-B203D7BC2905}.Ad-Hoc|iPhoneSimulator.Build.0 = Release|Any CPU
		{2406246B-24D7-4B8A-BB9C-B203D7BC2905}.Ad-Hoc|x64.ActiveCfg = Release|Any CPU
		{2406246B-24D7-4B8A-BB9C-B203D7BC2905}.Ad-Hoc|x64.Build.0 = Release|Any CPU
		{2406246B-24D7-4B8A-BB9C-B203D7BC2905}.Ad-Hoc|x86.ActiveCfg = Release|Any CPU
		{2406246B-24D7-4B8A-BB9C-B203D7BC2905}.Ad-Hoc|x86.Build.0 = Release|Any CPU
		{2406246B-24D7-4B8A-BB9C-B203D7BC2905}.AppStore|Any CPU.ActiveCfg = Release|Any CPU
		{2406246B-24D7-4B8A-BB9C-B203D7BC2905}.AppStore|Any CPU.Build.0 = Release|Any CPU
		{2406246B-24D7-4B8A-BB9C-B203D7BC2905}.AppStore|ARM.ActiveCfg = Release|Any CPU
		{2406246B-24D7-4B8A-BB9C-B203D7BC2905}.AppStore|ARM.Build.0 = Release|Any CPU
		{2406246B-24D7-4B8A-BB9C-B203D7BC2905}.AppStore|iPhone.ActiveCfg = Release|Any CPU
		{2406246B-24D7-4B8A-BB9C-B203D7BC2905}.AppStore|iPhone.Build.0 = Release|Any CPU
		{2406246B-24D7-4B8A-BB9C-B203D7BC2905}.AppStore|iPhoneSimulator.ActiveCfg = Release|Any CPU
		{2406246B-24D7-4B8A-BB9C-B203D7BC2905}.AppStore|iPhoneSimulator.Build.0 = Release|Any CPU
		{2406246B-24D7-4B8A-BB9C-B203D7BC2905}.AppStore|x64.ActiveCfg = Release|Any CPU
		{2406246B-24D7-4B8A-BB9C-B203D7BC2905}.AppStore|x64.Build.0 = Release|Any CPU
		{2406246B-24D7-4B8A-BB9C-B203D7BC2905}.AppStore|x86.ActiveCfg = Release|Any CPU
		{2406246B-24D7-4B8A-BB9C-B203D7BC2905}.AppStore|x86.Build.0 = Release|Any CPU
		{2406246B-24D7-4B8A-BB9C-B203D7BC2905}.Debug|Any CPU.ActiveCfg = Debug|Any CPU
		{2406246B-24D7-4B8A-BB9C-B203D7BC2905}.Debug|Any CPU.Build.0 = Debug|Any CPU
		{2406246B-24D7-4B8A-BB9C-B203D7BC2905}.Debug|ARM.ActiveCfg = Debug|Any CPU
		{2406246B-24D7-4B8A-BB9C-B203D7BC2905}.Debug|ARM.Build.0 = Debug|Any CPU
		{2406246B-24D7-4B8A-BB9C-B203D7BC2905}.Debug|iPhone.ActiveCfg = Debug|Any CPU
		{2406246B-24D7-4B8A-BB9C-B203D7BC2905}.Debug|iPhone.Build.0 = Debug|Any CPU
		{2406246B-24D7-4B8A-BB9C-B203D7BC2905}.Debug|iPhoneSimulator.ActiveCfg = Debug|Any CPU
		{2406246B-24D7-4B8A-BB9C-B203D7BC2905}.Debug|iPhoneSimulator.Build.0 = Debug|Any CPU
		{2406246B-24D7-4B8A-BB9C-B203D7BC2905}.Debug|x64.ActiveCfg = Debug|Any CPU
		{2406246B-24D7-4B8A-BB9C-B203D7BC2905}.Debug|x64.Build.0 = Debug|Any CPU
		{2406246B-24D7-4B8A-BB9C-B203D7BC2905}.Debug|x86.ActiveCfg = Debug|Any CPU
		{2406246B-24D7-4B8A-BB9C-B203D7BC2905}.Debug|x86.Build.0 = Debug|Any CPU
		{2406246B-24D7-4B8A-BB9C-B203D7BC2905}.Release|Any CPU.ActiveCfg = Release|Any CPU
		{2406246B-24D7-4B8A-BB9C-B203D7BC2905}.Release|Any CPU.Build.0 = Release|Any CPU
		{2406246B-24D7-4B8A-BB9C-B203D7BC2905}.Release|ARM.ActiveCfg = Release|Any CPU
		{2406246B-24D7-4B8A-BB9C-B203D7BC2905}.Release|ARM.Build.0 = Release|Any CPU
		{2406246B-24D7-4B8A-BB9C-B203D7BC2905}.Release|iPhone.ActiveCfg = Release|Any CPU
		{2406246B-24D7-4B8A-BB9C-B203D7BC2905}.Release|iPhone.Build.0 = Release|Any CPU
		{2406246B-24D7-4B8A-BB9C-B203D7BC2905}.Release|iPhoneSimulator.ActiveCfg = Release|Any CPU
		{2406246B-24D7-4B8A-BB9C-B203D7BC2905}.Release|iPhoneSimulator.Build.0 = Release|Any CPU
		{2406246B-24D7-4B8A-BB9C-B203D7BC2905}.Release|x64.ActiveCfg = Release|Any CPU
		{2406246B-24D7-4B8A-BB9C-B203D7BC2905}.Release|x64.Build.0 = Release|Any CPU
		{2406246B-24D7-4B8A-BB9C-B203D7BC2905}.Release|x86.ActiveCfg = Release|Any CPU
		{2406246B-24D7-4B8A-BB9C-B203D7BC2905}.Release|x86.Build.0 = Release|Any CPU
		{4ED5F87B-22F2-4237-980C-4695C4F5F86D}.Ad-Hoc|Any CPU.ActiveCfg = Release|Any CPU
		{4ED5F87B-22F2-4237-980C-4695C4F5F86D}.Ad-Hoc|Any CPU.Build.0 = Release|Any CPU
		{4ED5F87B-22F2-4237-980C-4695C4F5F86D}.Ad-Hoc|ARM.ActiveCfg = Release|Any CPU
		{4ED5F87B-22F2-4237-980C-4695C4F5F86D}.Ad-Hoc|ARM.Build.0 = Release|Any CPU
		{4ED5F87B-22F2-4237-980C-4695C4F5F86D}.Ad-Hoc|iPhone.ActiveCfg = Release|Any CPU
		{4ED5F87B-22F2-4237-980C-4695C4F5F86D}.Ad-Hoc|iPhone.Build.0 = Release|Any CPU
		{4ED5F87B-22F2-4237-980C-4695C4F5F86D}.Ad-Hoc|iPhoneSimulator.ActiveCfg = Release|Any CPU
		{4ED5F87B-22F2-4237-980C-4695C4F5F86D}.Ad-Hoc|iPhoneSimulator.Build.0 = Release|Any CPU
		{4ED5F87B-22F2-4237-980C-4695C4F5F86D}.Ad-Hoc|x64.ActiveCfg = Release|Any CPU
		{4ED5F87B-22F2-4237-980C-4695C4F5F86D}.Ad-Hoc|x64.Build.0 = Release|Any CPU
		{4ED5F87B-22F2-4237-980C-4695C4F5F86D}.Ad-Hoc|x86.ActiveCfg = Release|Any CPU
		{4ED5F87B-22F2-4237-980C-4695C4F5F86D}.Ad-Hoc|x86.Build.0 = Release|Any CPU
		{4ED5F87B-22F2-4237-980C-4695C4F5F86D}.AppStore|Any CPU.ActiveCfg = Release|Any CPU
		{4ED5F87B-22F2-4237-980C-4695C4F5F86D}.AppStore|Any CPU.Build.0 = Release|Any CPU
		{4ED5F87B-22F2-4237-980C-4695C4F5F86D}.AppStore|ARM.ActiveCfg = Release|Any CPU
		{4ED5F87B-22F2-4237-980C-4695C4F5F86D}.AppStore|ARM.Build.0 = Release|Any CPU
		{4ED5F87B-22F2-4237-980C-4695C4F5F86D}.AppStore|iPhone.ActiveCfg = Release|Any CPU
		{4ED5F87B-22F2-4237-980C-4695C4F5F86D}.AppStore|iPhone.Build.0 = Release|Any CPU
		{4ED5F87B-22F2-4237-980C-4695C4F5F86D}.AppStore|iPhoneSimulator.ActiveCfg = Release|Any CPU
		{4ED5F87B-22F2-4237-980C-4695C4F5F86D}.AppStore|iPhoneSimulator.Build.0 = Release|Any CPU
		{4ED5F87B-22F2-4237-980C-4695C4F5F86D}.AppStore|x64.ActiveCfg = Release|Any CPU
		{4ED5F87B-22F2-4237-980C-4695C4F5F86D}.AppStore|x64.Build.0 = Release|Any CPU
		{4ED5F87B-22F2-4237-980C-4695C4F5F86D}.AppStore|x86.ActiveCfg = Release|Any CPU
		{4ED5F87B-22F2-4237-980C-4695C4F5F86D}.AppStore|x86.Build.0 = Release|Any CPU
		{4ED5F87B-22F2-4237-980C-4695C4F5F86D}.Debug|Any CPU.ActiveCfg = Debug|Any CPU
		{4ED5F87B-22F2-4237-980C-4695C4F5F86D}.Debug|Any CPU.Build.0 = Debug|Any CPU
		{4ED5F87B-22F2-4237-980C-4695C4F5F86D}.Debug|ARM.ActiveCfg = Debug|Any CPU
		{4ED5F87B-22F2-4237-980C-4695C4F5F86D}.Debug|ARM.Build.0 = Debug|Any CPU
		{4ED5F87B-22F2-4237-980C-4695C4F5F86D}.Debug|iPhone.ActiveCfg = Debug|Any CPU
		{4ED5F87B-22F2-4237-980C-4695C4F5F86D}.Debug|iPhone.Build.0 = Debug|Any CPU
		{4ED5F87B-22F2-4237-980C-4695C4F5F86D}.Debug|iPhoneSimulator.ActiveCfg = Debug|Any CPU
		{4ED5F87B-22F2-4237-980C-4695C4F5F86D}.Debug|iPhoneSimulator.Build.0 = Debug|Any CPU
		{4ED5F87B-22F2-4237-980C-4695C4F5F86D}.Debug|x64.ActiveCfg = Debug|Any CPU
		{4ED5F87B-22F2-4237-980C-4695C4F5F86D}.Debug|x64.Build.0 = Debug|Any CPU
		{4ED5F87B-22F2-4237-980C-4695C4F5F86D}.Debug|x86.ActiveCfg = Debug|Any CPU
		{4ED5F87B-22F2-4237-980C-4695C4F5F86D}.Debug|x86.Build.0 = Debug|Any CPU
		{4ED5F87B-22F2-4237-980C-4695C4F5F86D}.Release|Any CPU.ActiveCfg = Release|Any CPU
		{4ED5F87B-22F2-4237-980C-4695C4F5F86D}.Release|Any CPU.Build.0 = Release|Any CPU
		{4ED5F87B-22F2-4237-980C-4695C4F5F86D}.Release|ARM.ActiveCfg = Release|Any CPU
		{4ED5F87B-22F2-4237-980C-4695C4F5F86D}.Release|ARM.Build.0 = Release|Any CPU
		{4ED5F87B-22F2-4237-980C-4695C4F5F86D}.Release|iPhone.ActiveCfg = Release|Any CPU
		{4ED5F87B-22F2-4237-980C-4695C4F5F86D}.Release|iPhone.Build.0 = Release|Any CPU
		{4ED5F87B-22F2-4237-980C-4695C4F5F86D}.Release|iPhoneSimulator.ActiveCfg = Release|Any CPU
		{4ED5F87B-22F2-4237-980C-4695C4F5F86D}.Release|iPhoneSimulator.Build.0 = Release|Any CPU
		{4ED5F87B-22F2-4237-980C-4695C4F5F86D}.Release|x64.ActiveCfg = Release|Any CPU
		{4ED5F87B-22F2-4237-980C-4695C4F5F86D}.Release|x64.Build.0 = Release|Any CPU
		{4ED5F87B-22F2-4237-980C-4695C4F5F86D}.Release|x86.ActiveCfg = Release|Any CPU
		{4ED5F87B-22F2-4237-980C-4695C4F5F86D}.Release|x86.Build.0 = Release|Any CPU
		{F75E77F5-DFDF-4D77-8943-E1861F87C156}.Ad-Hoc|Any CPU.ActiveCfg = Release|Any CPU
		{F75E77F5-DFDF-4D77-8943-E1861F87C156}.Ad-Hoc|Any CPU.Build.0 = Release|Any CPU
		{F75E77F5-DFDF-4D77-8943-E1861F87C156}.Ad-Hoc|ARM.ActiveCfg = Release|Any CPU
		{F75E77F5-DFDF-4D77-8943-E1861F87C156}.Ad-Hoc|ARM.Build.0 = Release|Any CPU
		{F75E77F5-DFDF-4D77-8943-E1861F87C156}.Ad-Hoc|iPhone.ActiveCfg = Release|Any CPU
		{F75E77F5-DFDF-4D77-8943-E1861F87C156}.Ad-Hoc|iPhone.Build.0 = Release|Any CPU
		{F75E77F5-DFDF-4D77-8943-E1861F87C156}.Ad-Hoc|iPhoneSimulator.ActiveCfg = Release|Any CPU
		{F75E77F5-DFDF-4D77-8943-E1861F87C156}.Ad-Hoc|iPhoneSimulator.Build.0 = Release|Any CPU
		{F75E77F5-DFDF-4D77-8943-E1861F87C156}.Ad-Hoc|x64.ActiveCfg = Release|Any CPU
		{F75E77F5-DFDF-4D77-8943-E1861F87C156}.Ad-Hoc|x64.Build.0 = Release|Any CPU
		{F75E77F5-DFDF-4D77-8943-E1861F87C156}.Ad-Hoc|x86.ActiveCfg = Release|Any CPU
		{F75E77F5-DFDF-4D77-8943-E1861F87C156}.Ad-Hoc|x86.Build.0 = Release|Any CPU
		{F75E77F5-DFDF-4D77-8943-E1861F87C156}.AppStore|Any CPU.ActiveCfg = Release|Any CPU
		{F75E77F5-DFDF-4D77-8943-E1861F87C156}.AppStore|Any CPU.Build.0 = Release|Any CPU
		{F75E77F5-DFDF-4D77-8943-E1861F87C156}.AppStore|ARM.ActiveCfg = Release|Any CPU
		{F75E77F5-DFDF-4D77-8943-E1861F87C156}.AppStore|ARM.Build.0 = Release|Any CPU
		{F75E77F5-DFDF-4D77-8943-E1861F87C156}.AppStore|iPhone.ActiveCfg = Release|Any CPU
		{F75E77F5-DFDF-4D77-8943-E1861F87C156}.AppStore|iPhone.Build.0 = Release|Any CPU
		{F75E77F5-DFDF-4D77-8943-E1861F87C156}.AppStore|iPhoneSimulator.ActiveCfg = Release|Any CPU
		{F75E77F5-DFDF-4D77-8943-E1861F87C156}.AppStore|iPhoneSimulator.Build.0 = Release|Any CPU
		{F75E77F5-DFDF-4D77-8943-E1861F87C156}.AppStore|x64.ActiveCfg = Release|Any CPU
		{F75E77F5-DFDF-4D77-8943-E1861F87C156}.AppStore|x64.Build.0 = Release|Any CPU
		{F75E77F5-DFDF-4D77-8943-E1861F87C156}.AppStore|x86.ActiveCfg = Release|Any CPU
		{F75E77F5-DFDF-4D77-8943-E1861F87C156}.AppStore|x86.Build.0 = Release|Any CPU
		{F75E77F5-DFDF-4D77-8943-E1861F87C156}.Debug|Any CPU.ActiveCfg = Debug|Any CPU
		{F75E77F5-DFDF-4D77-8943-E1861F87C156}.Debug|Any CPU.Build.0 = Debug|Any CPU
		{F75E77F5-DFDF-4D77-8943-E1861F87C156}.Debug|ARM.ActiveCfg = Debug|Any CPU
		{F75E77F5-DFDF-4D77-8943-E1861F87C156}.Debug|ARM.Build.0 = Debug|Any CPU
		{F75E77F5-DFDF-4D77-8943-E1861F87C156}.Debug|iPhone.ActiveCfg = Debug|Any CPU
		{F75E77F5-DFDF-4D77-8943-E1861F87C156}.Debug|iPhone.Build.0 = Debug|Any CPU
		{F75E77F5-DFDF-4D77-8943-E1861F87C156}.Debug|iPhoneSimulator.ActiveCfg = Debug|Any CPU
		{F75E77F5-DFDF-4D77-8943-E1861F87C156}.Debug|iPhoneSimulator.Build.0 = Debug|Any CPU
		{F75E77F5-DFDF-4D77-8943-E1861F87C156}.Debug|x64.ActiveCfg = Debug|Any CPU
		{F75E77F5-DFDF-4D77-8943-E1861F87C156}.Debug|x64.Build.0 = Debug|Any CPU
		{F75E77F5-DFDF-4D77-8943-E1861F87C156}.Debug|x86.ActiveCfg = Debug|Any CPU
		{F75E77F5-DFDF-4D77-8943-E1861F87C156}.Debug|x86.Build.0 = Debug|Any CPU
		{F75E77F5-DFDF-4D77-8943-E1861F87C156}.Release|Any CPU.ActiveCfg = Release|Any CPU
		{F75E77F5-DFDF-4D77-8943-E1861F87C156}.Release|Any CPU.Build.0 = Release|Any CPU
		{F75E77F5-DFDF-4D77-8943-E1861F87C156}.Release|ARM.ActiveCfg = Release|Any CPU
		{F75E77F5-DFDF-4D77-8943-E1861F87C156}.Release|ARM.Build.0 = Release|Any CPU
		{F75E77F5-DFDF-4D77-8943-E1861F87C156}.Release|iPhone.ActiveCfg = Release|Any CPU
		{F75E77F5-DFDF-4D77-8943-E1861F87C156}.Release|iPhone.Build.0 = Release|Any CPU
		{F75E77F5-DFDF-4D77-8943-E1861F87C156}.Release|iPhoneSimulator.ActiveCfg = Release|Any CPU
		{F75E77F5-DFDF-4D77-8943-E1861F87C156}.Release|iPhoneSimulator.Build.0 = Release|Any CPU
		{F75E77F5-DFDF-4D77-8943-E1861F87C156}.Release|x64.ActiveCfg = Release|Any CPU
		{F75E77F5-DFDF-4D77-8943-E1861F87C156}.Release|x64.Build.0 = Release|Any CPU
		{F75E77F5-DFDF-4D77-8943-E1861F87C156}.Release|x86.ActiveCfg = Release|Any CPU
		{F75E77F5-DFDF-4D77-8943-E1861F87C156}.Release|x86.Build.0 = Release|Any CPU
		{2EC8C424-F62F-4AE0-852F-41F75F2A003C}.Ad-Hoc|Any CPU.ActiveCfg = Release|Any CPU
		{2EC8C424-F62F-4AE0-852F-41F75F2A003C}.Ad-Hoc|Any CPU.Build.0 = Release|Any CPU
		{2EC8C424-F62F-4AE0-852F-41F75F2A003C}.Ad-Hoc|ARM.ActiveCfg = Release|Any CPU
		{2EC8C424-F62F-4AE0-852F-41F75F2A003C}.Ad-Hoc|ARM.Build.0 = Release|Any CPU
		{2EC8C424-F62F-4AE0-852F-41F75F2A003C}.Ad-Hoc|iPhone.ActiveCfg = Release|Any CPU
		{2EC8C424-F62F-4AE0-852F-41F75F2A003C}.Ad-Hoc|iPhone.Build.0 = Release|Any CPU
		{2EC8C424-F62F-4AE0-852F-41F75F2A003C}.Ad-Hoc|iPhoneSimulator.ActiveCfg = Release|Any CPU
		{2EC8C424-F62F-4AE0-852F-41F75F2A003C}.Ad-Hoc|iPhoneSimulator.Build.0 = Release|Any CPU
		{2EC8C424-F62F-4AE0-852F-41F75F2A003C}.Ad-Hoc|x64.ActiveCfg = Release|Any CPU
		{2EC8C424-F62F-4AE0-852F-41F75F2A003C}.Ad-Hoc|x64.Build.0 = Release|Any CPU
		{2EC8C424-F62F-4AE0-852F-41F75F2A003C}.Ad-Hoc|x86.ActiveCfg = Release|Any CPU
		{2EC8C424-F62F-4AE0-852F-41F75F2A003C}.Ad-Hoc|x86.Build.0 = Release|Any CPU
		{2EC8C424-F62F-4AE0-852F-41F75F2A003C}.AppStore|Any CPU.ActiveCfg = Release|Any CPU
		{2EC8C424-F62F-4AE0-852F-41F75F2A003C}.AppStore|Any CPU.Build.0 = Release|Any CPU
		{2EC8C424-F62F-4AE0-852F-41F75F2A003C}.AppStore|ARM.ActiveCfg = Release|Any CPU
		{2EC8C424-F62F-4AE0-852F-41F75F2A003C}.AppStore|ARM.Build.0 = Release|Any CPU
		{2EC8C424-F62F-4AE0-852F-41F75F2A003C}.AppStore|iPhone.ActiveCfg = Release|Any CPU
		{2EC8C424-F62F-4AE0-852F-41F75F2A003C}.AppStore|iPhone.Build.0 = Release|Any CPU
		{2EC8C424-F62F-4AE0-852F-41F75F2A003C}.AppStore|iPhoneSimulator.ActiveCfg = Release|Any CPU
		{2EC8C424-F62F-4AE0-852F-41F75F2A003C}.AppStore|iPhoneSimulator.Build.0 = Release|Any CPU
		{2EC8C424-F62F-4AE0-852F-41F75F2A003C}.AppStore|x64.ActiveCfg = Release|Any CPU
		{2EC8C424-F62F-4AE0-852F-41F75F2A003C}.AppStore|x64.Build.0 = Release|Any CPU
		{2EC8C424-F62F-4AE0-852F-41F75F2A003C}.AppStore|x86.ActiveCfg = Release|Any CPU
		{2EC8C424-F62F-4AE0-852F-41F75F2A003C}.AppStore|x86.Build.0 = Release|Any CPU
		{2EC8C424-F62F-4AE0-852F-41F75F2A003C}.Debug|Any CPU.ActiveCfg = Debug|Any CPU
		{2EC8C424-F62F-4AE0-852F-41F75F2A003C}.Debug|Any CPU.Build.0 = Debug|Any CPU
		{2EC8C424-F62F-4AE0-852F-41F75F2A003C}.Debug|ARM.ActiveCfg = Debug|Any CPU
		{2EC8C424-F62F-4AE0-852F-41F75F2A003C}.Debug|ARM.Build.0 = Debug|Any CPU
		{2EC8C424-F62F-4AE0-852F-41F75F2A003C}.Debug|iPhone.ActiveCfg = Debug|Any CPU
		{2EC8C424-F62F-4AE0-852F-41F75F2A003C}.Debug|iPhone.Build.0 = Debug|Any CPU
		{2EC8C424-F62F-4AE0-852F-41F75F2A003C}.Debug|iPhoneSimulator.ActiveCfg = Debug|Any CPU
		{2EC8C424-F62F-4AE0-852F-41F75F2A003C}.Debug|iPhoneSimulator.Build.0 = Debug|Any CPU
		{2EC8C424-F62F-4AE0-852F-41F75F2A003C}.Debug|x64.ActiveCfg = Debug|Any CPU
		{2EC8C424-F62F-4AE0-852F-41F75F2A003C}.Debug|x64.Build.0 = Debug|Any CPU
		{2EC8C424-F62F-4AE0-852F-41F75F2A003C}.Debug|x86.ActiveCfg = Debug|Any CPU
		{2EC8C424-F62F-4AE0-852F-41F75F2A003C}.Debug|x86.Build.0 = Debug|Any CPU
		{2EC8C424-F62F-4AE0-852F-41F75F2A003C}.Release|Any CPU.ActiveCfg = Release|Any CPU
		{2EC8C424-F62F-4AE0-852F-41F75F2A003C}.Release|Any CPU.Build.0 = Release|Any CPU
		{2EC8C424-F62F-4AE0-852F-41F75F2A003C}.Release|ARM.ActiveCfg = Release|Any CPU
		{2EC8C424-F62F-4AE0-852F-41F75F2A003C}.Release|ARM.Build.0 = Release|Any CPU
		{2EC8C424-F62F-4AE0-852F-41F75F2A003C}.Release|iPhone.ActiveCfg = Release|Any CPU
		{2EC8C424-F62F-4AE0-852F-41F75F2A003C}.Release|iPhone.Build.0 = Release|Any CPU
		{2EC8C424-F62F-4AE0-852F-41F75F2A003C}.Release|iPhoneSimulator.ActiveCfg = Release|Any CPU
		{2EC8C424-F62F-4AE0-852F-41F75F2A003C}.Release|iPhoneSimulator.Build.0 = Release|Any CPU
		{2EC8C424-F62F-4AE0-852F-41F75F2A003C}.Release|x64.ActiveCfg = Release|Any CPU
		{2EC8C424-F62F-4AE0-852F-41F75F2A003C}.Release|x64.Build.0 = Release|Any CPU
		{2EC8C424-F62F-4AE0-852F-41F75F2A003C}.Release|x86.ActiveCfg = Release|Any CPU
		{2EC8C424-F62F-4AE0-852F-41F75F2A003C}.Release|x86.Build.0 = Release|Any CPU
		{58C0AA55-D516-44A8-83D5-A5186627FB85}.Ad-Hoc|Any CPU.ActiveCfg = Release|Any CPU
		{58C0AA55-D516-44A8-83D5-A5186627FB85}.Ad-Hoc|Any CPU.Build.0 = Release|Any CPU
		{58C0AA55-D516-44A8-83D5-A5186627FB85}.Ad-Hoc|ARM.ActiveCfg = Release|Any CPU
		{58C0AA55-D516-44A8-83D5-A5186627FB85}.Ad-Hoc|ARM.Build.0 = Release|Any CPU
		{58C0AA55-D516-44A8-83D5-A5186627FB85}.Ad-Hoc|iPhone.ActiveCfg = Release|Any CPU
		{58C0AA55-D516-44A8-83D5-A5186627FB85}.Ad-Hoc|iPhone.Build.0 = Release|Any CPU
		{58C0AA55-D516-44A8-83D5-A5186627FB85}.Ad-Hoc|iPhoneSimulator.ActiveCfg = Release|Any CPU
		{58C0AA55-D516-44A8-83D5-A5186627FB85}.Ad-Hoc|iPhoneSimulator.Build.0 = Release|Any CPU
		{58C0AA55-D516-44A8-83D5-A5186627FB85}.Ad-Hoc|x64.ActiveCfg = Release|Any CPU
		{58C0AA55-D516-44A8-83D5-A5186627FB85}.Ad-Hoc|x64.Build.0 = Release|Any CPU
		{58C0AA55-D516-44A8-83D5-A5186627FB85}.Ad-Hoc|x86.ActiveCfg = Release|Any CPU
		{58C0AA55-D516-44A8-83D5-A5186627FB85}.Ad-Hoc|x86.Build.0 = Release|Any CPU
		{58C0AA55-D516-44A8-83D5-A5186627FB85}.AppStore|Any CPU.ActiveCfg = Release|Any CPU
		{58C0AA55-D516-44A8-83D5-A5186627FB85}.AppStore|Any CPU.Build.0 = Release|Any CPU
		{58C0AA55-D516-44A8-83D5-A5186627FB85}.AppStore|ARM.ActiveCfg = Release|Any CPU
		{58C0AA55-D516-44A8-83D5-A5186627FB85}.AppStore|ARM.Build.0 = Release|Any CPU
		{58C0AA55-D516-44A8-83D5-A5186627FB85}.AppStore|iPhone.ActiveCfg = Release|Any CPU
		{58C0AA55-D516-44A8-83D5-A5186627FB85}.AppStore|iPhone.Build.0 = Release|Any CPU
		{58C0AA55-D516-44A8-83D5-A5186627FB85}.AppStore|iPhoneSimulator.ActiveCfg = Release|Any CPU
		{58C0AA55-D516-44A8-83D5-A5186627FB85}.AppStore|iPhoneSimulator.Build.0 = Release|Any CPU
		{58C0AA55-D516-44A8-83D5-A5186627FB85}.AppStore|x64.ActiveCfg = Release|Any CPU
		{58C0AA55-D516-44A8-83D5-A5186627FB85}.AppStore|x64.Build.0 = Release|Any CPU
		{58C0AA55-D516-44A8-83D5-A5186627FB85}.AppStore|x86.ActiveCfg = Release|Any CPU
		{58C0AA55-D516-44A8-83D5-A5186627FB85}.AppStore|x86.Build.0 = Release|Any CPU
		{58C0AA55-D516-44A8-83D5-A5186627FB85}.Debug|Any CPU.ActiveCfg = Debug|Any CPU
		{58C0AA55-D516-44A8-83D5-A5186627FB85}.Debug|Any CPU.Build.0 = Debug|Any CPU
		{58C0AA55-D516-44A8-83D5-A5186627FB85}.Debug|ARM.ActiveCfg = Debug|Any CPU
		{58C0AA55-D516-44A8-83D5-A5186627FB85}.Debug|ARM.Build.0 = Debug|Any CPU
		{58C0AA55-D516-44A8-83D5-A5186627FB85}.Debug|iPhone.ActiveCfg = Debug|Any CPU
		{58C0AA55-D516-44A8-83D5-A5186627FB85}.Debug|iPhone.Build.0 = Debug|Any CPU
		{58C0AA55-D516-44A8-83D5-A5186627FB85}.Debug|iPhoneSimulator.ActiveCfg = Debug|Any CPU
		{58C0AA55-D516-44A8-83D5-A5186627FB85}.Debug|iPhoneSimulator.Build.0 = Debug|Any CPU
		{58C0AA55-D516-44A8-83D5-A5186627FB85}.Debug|x64.ActiveCfg = Debug|Any CPU
		{58C0AA55-D516-44A8-83D5-A5186627FB85}.Debug|x64.Build.0 = Debug|Any CPU
		{58C0AA55-D516-44A8-83D5-A5186627FB85}.Debug|x86.ActiveCfg = Debug|Any CPU
		{58C0AA55-D516-44A8-83D5-A5186627FB85}.Debug|x86.Build.0 = Debug|Any CPU
		{58C0AA55-D516-44A8-83D5-A5186627FB85}.Release|Any CPU.ActiveCfg = Release|Any CPU
		{58C0AA55-D516-44A8-83D5-A5186627FB85}.Release|Any CPU.Build.0 = Release|Any CPU
		{58C0AA55-D516-44A8-83D5-A5186627FB85}.Release|ARM.ActiveCfg = Release|Any CPU
		{58C0AA55-D516-44A8-83D5-A5186627FB85}.Release|ARM.Build.0 = Release|Any CPU
		{58C0AA55-D516-44A8-83D5-A5186627FB85}.Release|iPhone.ActiveCfg = Release|Any CPU
		{58C0AA55-D516-44A8-83D5-A5186627FB85}.Release|iPhone.Build.0 = Release|Any CPU
		{58C0AA55-D516-44A8-83D5-A5186627FB85}.Release|iPhoneSimulator.ActiveCfg = Release|Any CPU
		{58C0AA55-D516-44A8-83D5-A5186627FB85}.Release|iPhoneSimulator.Build.0 = Release|Any CPU
		{58C0AA55-D516-44A8-83D5-A5186627FB85}.Release|x64.ActiveCfg = Release|Any CPU
		{58C0AA55-D516-44A8-83D5-A5186627FB85}.Release|x64.Build.0 = Release|Any CPU
		{58C0AA55-D516-44A8-83D5-A5186627FB85}.Release|x86.ActiveCfg = Release|Any CPU
		{58C0AA55-D516-44A8-83D5-A5186627FB85}.Release|x86.Build.0 = Release|Any CPU
		{6AC6054C-3338-437D-BEE9-7E85BF62BBE3}.Ad-Hoc|Any CPU.ActiveCfg = Release|Any CPU
		{6AC6054C-3338-437D-BEE9-7E85BF62BBE3}.Ad-Hoc|Any CPU.Build.0 = Release|Any CPU
		{6AC6054C-3338-437D-BEE9-7E85BF62BBE3}.Ad-Hoc|ARM.ActiveCfg = Release|Any CPU
		{6AC6054C-3338-437D-BEE9-7E85BF62BBE3}.Ad-Hoc|ARM.Build.0 = Release|Any CPU
		{6AC6054C-3338-437D-BEE9-7E85BF62BBE3}.Ad-Hoc|iPhone.ActiveCfg = Release|Any CPU
		{6AC6054C-3338-437D-BEE9-7E85BF62BBE3}.Ad-Hoc|iPhone.Build.0 = Release|Any CPU
		{6AC6054C-3338-437D-BEE9-7E85BF62BBE3}.Ad-Hoc|iPhoneSimulator.ActiveCfg = Release|Any CPU
		{6AC6054C-3338-437D-BEE9-7E85BF62BBE3}.Ad-Hoc|iPhoneSimulator.Build.0 = Release|Any CPU
		{6AC6054C-3338-437D-BEE9-7E85BF62BBE3}.Ad-Hoc|x64.ActiveCfg = Release|Any CPU
		{6AC6054C-3338-437D-BEE9-7E85BF62BBE3}.Ad-Hoc|x64.Build.0 = Release|Any CPU
		{6AC6054C-3338-437D-BEE9-7E85BF62BBE3}.Ad-Hoc|x86.ActiveCfg = Release|Any CPU
		{6AC6054C-3338-437D-BEE9-7E85BF62BBE3}.Ad-Hoc|x86.Build.0 = Release|Any CPU
		{6AC6054C-3338-437D-BEE9-7E85BF62BBE3}.AppStore|Any CPU.ActiveCfg = Release|Any CPU
		{6AC6054C-3338-437D-BEE9-7E85BF62BBE3}.AppStore|Any CPU.Build.0 = Release|Any CPU
		{6AC6054C-3338-437D-BEE9-7E85BF62BBE3}.AppStore|ARM.ActiveCfg = Release|Any CPU
		{6AC6054C-3338-437D-BEE9-7E85BF62BBE3}.AppStore|ARM.Build.0 = Release|Any CPU
		{6AC6054C-3338-437D-BEE9-7E85BF62BBE3}.AppStore|iPhone.ActiveCfg = Release|Any CPU
		{6AC6054C-3338-437D-BEE9-7E85BF62BBE3}.AppStore|iPhone.Build.0 = Release|Any CPU
		{6AC6054C-3338-437D-BEE9-7E85BF62BBE3}.AppStore|iPhoneSimulator.ActiveCfg = Release|Any CPU
		{6AC6054C-3338-437D-BEE9-7E85BF62BBE3}.AppStore|iPhoneSimulator.Build.0 = Release|Any CPU
		{6AC6054C-3338-437D-BEE9-7E85BF62BBE3}.AppStore|x64.ActiveCfg = Release|Any CPU
		{6AC6054C-3338-437D-BEE9-7E85BF62BBE3}.AppStore|x64.Build.0 = Release|Any CPU
		{6AC6054C-3338-437D-BEE9-7E85BF62BBE3}.AppStore|x86.ActiveCfg = Release|Any CPU
		{6AC6054C-3338-437D-BEE9-7E85BF62BBE3}.AppStore|x86.Build.0 = Release|Any CPU
		{6AC6054C-3338-437D-BEE9-7E85BF62BBE3}.Debug|Any CPU.ActiveCfg = Debug|Any CPU
		{6AC6054C-3338-437D-BEE9-7E85BF62BBE3}.Debug|Any CPU.Build.0 = Debug|Any CPU
		{6AC6054C-3338-437D-BEE9-7E85BF62BBE3}.Debug|ARM.ActiveCfg = Debug|Any CPU
		{6AC6054C-3338-437D-BEE9-7E85BF62BBE3}.Debug|ARM.Build.0 = Debug|Any CPU
		{6AC6054C-3338-437D-BEE9-7E85BF62BBE3}.Debug|iPhone.ActiveCfg = Debug|Any CPU
		{6AC6054C-3338-437D-BEE9-7E85BF62BBE3}.Debug|iPhone.Build.0 = Debug|Any CPU
		{6AC6054C-3338-437D-BEE9-7E85BF62BBE3}.Debug|iPhoneSimulator.ActiveCfg = Debug|Any CPU
		{6AC6054C-3338-437D-BEE9-7E85BF62BBE3}.Debug|iPhoneSimulator.Build.0 = Debug|Any CPU
		{6AC6054C-3338-437D-BEE9-7E85BF62BBE3}.Debug|x64.ActiveCfg = Debug|Any CPU
		{6AC6054C-3338-437D-BEE9-7E85BF62BBE3}.Debug|x64.Build.0 = Debug|Any CPU
		{6AC6054C-3338-437D-BEE9-7E85BF62BBE3}.Debug|x86.ActiveCfg = Debug|Any CPU
		{6AC6054C-3338-437D-BEE9-7E85BF62BBE3}.Debug|x86.Build.0 = Debug|Any CPU
		{6AC6054C-3338-437D-BEE9-7E85BF62BBE3}.Release|Any CPU.ActiveCfg = Release|Any CPU
		{6AC6054C-3338-437D-BEE9-7E85BF62BBE3}.Release|Any CPU.Build.0 = Release|Any CPU
		{6AC6054C-3338-437D-BEE9-7E85BF62BBE3}.Release|ARM.ActiveCfg = Release|Any CPU
		{6AC6054C-3338-437D-BEE9-7E85BF62BBE3}.Release|ARM.Build.0 = Release|Any CPU
		{6AC6054C-3338-437D-BEE9-7E85BF62BBE3}.Release|iPhone.ActiveCfg = Release|Any CPU
		{6AC6054C-3338-437D-BEE9-7E85BF62BBE3}.Release|iPhone.Build.0 = Release|Any CPU
		{6AC6054C-3338-437D-BEE9-7E85BF62BBE3}.Release|iPhoneSimulator.ActiveCfg = Release|Any CPU
		{6AC6054C-3338-437D-BEE9-7E85BF62BBE3}.Release|iPhoneSimulator.Build.0 = Release|Any CPU
		{6AC6054C-3338-437D-BEE9-7E85BF62BBE3}.Release|x64.ActiveCfg = Release|Any CPU
		{6AC6054C-3338-437D-BEE9-7E85BF62BBE3}.Release|x64.Build.0 = Release|Any CPU
		{6AC6054C-3338-437D-BEE9-7E85BF62BBE3}.Release|x86.ActiveCfg = Release|Any CPU
		{6AC6054C-3338-437D-BEE9-7E85BF62BBE3}.Release|x86.Build.0 = Release|Any CPU
		{9B892233-5BF2-4844-A9BF-565F5219ED5E}.Ad-Hoc|Any CPU.ActiveCfg = Release|Any CPU
		{9B892233-5BF2-4844-A9BF-565F5219ED5E}.Ad-Hoc|Any CPU.Build.0 = Release|Any CPU
		{9B892233-5BF2-4844-A9BF-565F5219ED5E}.Ad-Hoc|ARM.ActiveCfg = Release|Any CPU
		{9B892233-5BF2-4844-A9BF-565F5219ED5E}.Ad-Hoc|ARM.Build.0 = Release|Any CPU
		{9B892233-5BF2-4844-A9BF-565F5219ED5E}.Ad-Hoc|iPhone.ActiveCfg = Release|Any CPU
		{9B892233-5BF2-4844-A9BF-565F5219ED5E}.Ad-Hoc|iPhone.Build.0 = Release|Any CPU
		{9B892233-5BF2-4844-A9BF-565F5219ED5E}.Ad-Hoc|iPhoneSimulator.ActiveCfg = Release|Any CPU
		{9B892233-5BF2-4844-A9BF-565F5219ED5E}.Ad-Hoc|iPhoneSimulator.Build.0 = Release|Any CPU
		{9B892233-5BF2-4844-A9BF-565F5219ED5E}.Ad-Hoc|x64.ActiveCfg = Release|Any CPU
		{9B892233-5BF2-4844-A9BF-565F5219ED5E}.Ad-Hoc|x64.Build.0 = Release|Any CPU
		{9B892233-5BF2-4844-A9BF-565F5219ED5E}.Ad-Hoc|x86.ActiveCfg = Release|Any CPU
		{9B892233-5BF2-4844-A9BF-565F5219ED5E}.Ad-Hoc|x86.Build.0 = Release|Any CPU
		{9B892233-5BF2-4844-A9BF-565F5219ED5E}.AppStore|Any CPU.ActiveCfg = Release|Any CPU
		{9B892233-5BF2-4844-A9BF-565F5219ED5E}.AppStore|Any CPU.Build.0 = Release|Any CPU
		{9B892233-5BF2-4844-A9BF-565F5219ED5E}.AppStore|ARM.ActiveCfg = Release|Any CPU
		{9B892233-5BF2-4844-A9BF-565F5219ED5E}.AppStore|ARM.Build.0 = Release|Any CPU
		{9B892233-5BF2-4844-A9BF-565F5219ED5E}.AppStore|iPhone.ActiveCfg = Release|Any CPU
		{9B892233-5BF2-4844-A9BF-565F5219ED5E}.AppStore|iPhone.Build.0 = Release|Any CPU
		{9B892233-5BF2-4844-A9BF-565F5219ED5E}.AppStore|iPhoneSimulator.ActiveCfg = Release|Any CPU
		{9B892233-5BF2-4844-A9BF-565F5219ED5E}.AppStore|iPhoneSimulator.Build.0 = Release|Any CPU
		{9B892233-5BF2-4844-A9BF-565F5219ED5E}.AppStore|x64.ActiveCfg = Release|Any CPU
		{9B892233-5BF2-4844-A9BF-565F5219ED5E}.AppStore|x64.Build.0 = Release|Any CPU
		{9B892233-5BF2-4844-A9BF-565F5219ED5E}.AppStore|x86.ActiveCfg = Release|Any CPU
		{9B892233-5BF2-4844-A9BF-565F5219ED5E}.AppStore|x86.Build.0 = Release|Any CPU
		{9B892233-5BF2-4844-A9BF-565F5219ED5E}.Debug|Any CPU.ActiveCfg = Debug|Any CPU
		{9B892233-5BF2-4844-A9BF-565F5219ED5E}.Debug|Any CPU.Build.0 = Debug|Any CPU
		{9B892233-5BF2-4844-A9BF-565F5219ED5E}.Debug|ARM.ActiveCfg = Debug|Any CPU
		{9B892233-5BF2-4844-A9BF-565F5219ED5E}.Debug|ARM.Build.0 = Debug|Any CPU
		{9B892233-5BF2-4844-A9BF-565F5219ED5E}.Debug|iPhone.ActiveCfg = Debug|Any CPU
		{9B892233-5BF2-4844-A9BF-565F5219ED5E}.Debug|iPhone.Build.0 = Debug|Any CPU
		{9B892233-5BF2-4844-A9BF-565F5219ED5E}.Debug|iPhoneSimulator.ActiveCfg = Debug|Any CPU
		{9B892233-5BF2-4844-A9BF-565F5219ED5E}.Debug|iPhoneSimulator.Build.0 = Debug|Any CPU
		{9B892233-5BF2-4844-A9BF-565F5219ED5E}.Debug|x64.ActiveCfg = Debug|Any CPU
		{9B892233-5BF2-4844-A9BF-565F5219ED5E}.Debug|x64.Build.0 = Debug|Any CPU
		{9B892233-5BF2-4844-A9BF-565F5219ED5E}.Debug|x86.ActiveCfg = Debug|Any CPU
		{9B892233-5BF2-4844-A9BF-565F5219ED5E}.Debug|x86.Build.0 = Debug|Any CPU
		{9B892233-5BF2-4844-A9BF-565F5219ED5E}.Release|Any CPU.ActiveCfg = Release|Any CPU
		{9B892233-5BF2-4844-A9BF-565F5219ED5E}.Release|Any CPU.Build.0 = Release|Any CPU
		{9B892233-5BF2-4844-A9BF-565F5219ED5E}.Release|ARM.ActiveCfg = Release|Any CPU
		{9B892233-5BF2-4844-A9BF-565F5219ED5E}.Release|ARM.Build.0 = Release|Any CPU
		{9B892233-5BF2-4844-A9BF-565F5219ED5E}.Release|iPhone.ActiveCfg = Release|Any CPU
		{9B892233-5BF2-4844-A9BF-565F5219ED5E}.Release|iPhone.Build.0 = Release|Any CPU
		{9B892233-5BF2-4844-A9BF-565F5219ED5E}.Release|iPhoneSimulator.ActiveCfg = Release|Any CPU
		{9B892233-5BF2-4844-A9BF-565F5219ED5E}.Release|iPhoneSimulator.Build.0 = Release|Any CPU
		{9B892233-5BF2-4844-A9BF-565F5219ED5E}.Release|x64.ActiveCfg = Release|Any CPU
		{9B892233-5BF2-4844-A9BF-565F5219ED5E}.Release|x64.Build.0 = Release|Any CPU
		{9B892233-5BF2-4844-A9BF-565F5219ED5E}.Release|x86.ActiveCfg = Release|Any CPU
		{9B892233-5BF2-4844-A9BF-565F5219ED5E}.Release|x86.Build.0 = Release|Any CPU
		{7ED83239-B160-49BE-BEA5-4BA509142E77}.Ad-Hoc|Any CPU.ActiveCfg = Release|Any CPU
		{7ED83239-B160-49BE-BEA5-4BA509142E77}.Ad-Hoc|Any CPU.Build.0 = Release|Any CPU
		{7ED83239-B160-49BE-BEA5-4BA509142E77}.Ad-Hoc|Any CPU.Deploy.0 = Release|Any CPU
		{7ED83239-B160-49BE-BEA5-4BA509142E77}.Ad-Hoc|ARM.ActiveCfg = Release|Any CPU
		{7ED83239-B160-49BE-BEA5-4BA509142E77}.Ad-Hoc|ARM.Build.0 = Release|Any CPU
		{7ED83239-B160-49BE-BEA5-4BA509142E77}.Ad-Hoc|ARM.Deploy.0 = Release|Any CPU
		{7ED83239-B160-49BE-BEA5-4BA509142E77}.Ad-Hoc|iPhone.ActiveCfg = Release|Any CPU
		{7ED83239-B160-49BE-BEA5-4BA509142E77}.Ad-Hoc|iPhone.Build.0 = Release|Any CPU
		{7ED83239-B160-49BE-BEA5-4BA509142E77}.Ad-Hoc|iPhone.Deploy.0 = Release|Any CPU
		{7ED83239-B160-49BE-BEA5-4BA509142E77}.Ad-Hoc|iPhoneSimulator.ActiveCfg = Release|Any CPU
		{7ED83239-B160-49BE-BEA5-4BA509142E77}.Ad-Hoc|iPhoneSimulator.Build.0 = Release|Any CPU
		{7ED83239-B160-49BE-BEA5-4BA509142E77}.Ad-Hoc|iPhoneSimulator.Deploy.0 = Release|Any CPU
		{7ED83239-B160-49BE-BEA5-4BA509142E77}.Ad-Hoc|x64.ActiveCfg = Release|Any CPU
		{7ED83239-B160-49BE-BEA5-4BA509142E77}.Ad-Hoc|x64.Build.0 = Release|Any CPU
		{7ED83239-B160-49BE-BEA5-4BA509142E77}.Ad-Hoc|x64.Deploy.0 = Release|Any CPU
		{7ED83239-B160-49BE-BEA5-4BA509142E77}.Ad-Hoc|x86.ActiveCfg = Release|Any CPU
		{7ED83239-B160-49BE-BEA5-4BA509142E77}.Ad-Hoc|x86.Build.0 = Release|Any CPU
		{7ED83239-B160-49BE-BEA5-4BA509142E77}.Ad-Hoc|x86.Deploy.0 = Release|Any CPU
		{7ED83239-B160-49BE-BEA5-4BA509142E77}.AppStore|Any CPU.ActiveCfg = Release|Any CPU
		{7ED83239-B160-49BE-BEA5-4BA509142E77}.AppStore|Any CPU.Build.0 = Release|Any CPU
		{7ED83239-B160-49BE-BEA5-4BA509142E77}.AppStore|Any CPU.Deploy.0 = Release|Any CPU
		{7ED83239-B160-49BE-BEA5-4BA509142E77}.AppStore|ARM.ActiveCfg = Release|Any CPU
		{7ED83239-B160-49BE-BEA5-4BA509142E77}.AppStore|ARM.Build.0 = Release|Any CPU
		{7ED83239-B160-49BE-BEA5-4BA509142E77}.AppStore|ARM.Deploy.0 = Release|Any CPU
		{7ED83239-B160-49BE-BEA5-4BA509142E77}.AppStore|iPhone.ActiveCfg = Release|Any CPU
		{7ED83239-B160-49BE-BEA5-4BA509142E77}.AppStore|iPhone.Build.0 = Release|Any CPU
		{7ED83239-B160-49BE-BEA5-4BA509142E77}.AppStore|iPhone.Deploy.0 = Release|Any CPU
		{7ED83239-B160-49BE-BEA5-4BA509142E77}.AppStore|iPhoneSimulator.ActiveCfg = Release|Any CPU
		{7ED83239-B160-49BE-BEA5-4BA509142E77}.AppStore|iPhoneSimulator.Build.0 = Release|Any CPU
		{7ED83239-B160-49BE-BEA5-4BA509142E77}.AppStore|iPhoneSimulator.Deploy.0 = Release|Any CPU
		{7ED83239-B160-49BE-BEA5-4BA509142E77}.AppStore|x64.ActiveCfg = Release|Any CPU
		{7ED83239-B160-49BE-BEA5-4BA509142E77}.AppStore|x64.Build.0 = Release|Any CPU
		{7ED83239-B160-49BE-BEA5-4BA509142E77}.AppStore|x64.Deploy.0 = Release|Any CPU
		{7ED83239-B160-49BE-BEA5-4BA509142E77}.AppStore|x86.ActiveCfg = Release|Any CPU
		{7ED83239-B160-49BE-BEA5-4BA509142E77}.AppStore|x86.Build.0 = Release|Any CPU
		{7ED83239-B160-49BE-BEA5-4BA509142E77}.AppStore|x86.Deploy.0 = Release|Any CPU
		{7ED83239-B160-49BE-BEA5-4BA509142E77}.Debug|Any CPU.ActiveCfg = Debug|Any CPU
		{7ED83239-B160-49BE-BEA5-4BA509142E77}.Debug|Any CPU.Build.0 = Debug|Any CPU
		{7ED83239-B160-49BE-BEA5-4BA509142E77}.Debug|Any CPU.Deploy.0 = Debug|Any CPU
		{7ED83239-B160-49BE-BEA5-4BA509142E77}.Debug|ARM.ActiveCfg = Debug|Any CPU
		{7ED83239-B160-49BE-BEA5-4BA509142E77}.Debug|ARM.Build.0 = Debug|Any CPU
		{7ED83239-B160-49BE-BEA5-4BA509142E77}.Debug|ARM.Deploy.0 = Debug|Any CPU
		{7ED83239-B160-49BE-BEA5-4BA509142E77}.Debug|iPhone.ActiveCfg = Debug|Any CPU
		{7ED83239-B160-49BE-BEA5-4BA509142E77}.Debug|iPhone.Build.0 = Debug|Any CPU
		{7ED83239-B160-49BE-BEA5-4BA509142E77}.Debug|iPhone.Deploy.0 = Debug|Any CPU
		{7ED83239-B160-49BE-BEA5-4BA509142E77}.Debug|iPhoneSimulator.ActiveCfg = Debug|Any CPU
		{7ED83239-B160-49BE-BEA5-4BA509142E77}.Debug|iPhoneSimulator.Build.0 = Debug|Any CPU
		{7ED83239-B160-49BE-BEA5-4BA509142E77}.Debug|iPhoneSimulator.Deploy.0 = Debug|Any CPU
		{7ED83239-B160-49BE-BEA5-4BA509142E77}.Debug|x64.ActiveCfg = Debug|Any CPU
		{7ED83239-B160-49BE-BEA5-4BA509142E77}.Debug|x64.Build.0 = Debug|Any CPU
		{7ED83239-B160-49BE-BEA5-4BA509142E77}.Debug|x64.Deploy.0 = Debug|Any CPU
		{7ED83239-B160-49BE-BEA5-4BA509142E77}.Debug|x86.ActiveCfg = Debug|Any CPU
		{7ED83239-B160-49BE-BEA5-4BA509142E77}.Debug|x86.Build.0 = Debug|Any CPU
		{7ED83239-B160-49BE-BEA5-4BA509142E77}.Debug|x86.Deploy.0 = Debug|Any CPU
		{7ED83239-B160-49BE-BEA5-4BA509142E77}.Release|Any CPU.ActiveCfg = Release|Any CPU
		{7ED83239-B160-49BE-BEA5-4BA509142E77}.Release|Any CPU.Build.0 = Release|Any CPU
		{7ED83239-B160-49BE-BEA5-4BA509142E77}.Release|Any CPU.Deploy.0 = Release|Any CPU
		{7ED83239-B160-49BE-BEA5-4BA509142E77}.Release|ARM.ActiveCfg = Release|Any CPU
		{7ED83239-B160-49BE-BEA5-4BA509142E77}.Release|ARM.Build.0 = Release|Any CPU
		{7ED83239-B160-49BE-BEA5-4BA509142E77}.Release|ARM.Deploy.0 = Release|Any CPU
		{7ED83239-B160-49BE-BEA5-4BA509142E77}.Release|iPhone.ActiveCfg = Release|Any CPU
		{7ED83239-B160-49BE-BEA5-4BA509142E77}.Release|iPhone.Build.0 = Release|Any CPU
		{7ED83239-B160-49BE-BEA5-4BA509142E77}.Release|iPhone.Deploy.0 = Release|Any CPU
		{7ED83239-B160-49BE-BEA5-4BA509142E77}.Release|iPhoneSimulator.ActiveCfg = Release|Any CPU
		{7ED83239-B160-49BE-BEA5-4BA509142E77}.Release|iPhoneSimulator.Build.0 = Release|Any CPU
		{7ED83239-B160-49BE-BEA5-4BA509142E77}.Release|iPhoneSimulator.Deploy.0 = Release|Any CPU
		{7ED83239-B160-49BE-BEA5-4BA509142E77}.Release|x64.ActiveCfg = Release|Any CPU
		{7ED83239-B160-49BE-BEA5-4BA509142E77}.Release|x64.Build.0 = Release|Any CPU
		{7ED83239-B160-49BE-BEA5-4BA509142E77}.Release|x64.Deploy.0 = Release|Any CPU
		{7ED83239-B160-49BE-BEA5-4BA509142E77}.Release|x86.ActiveCfg = Release|Any CPU
		{7ED83239-B160-49BE-BEA5-4BA509142E77}.Release|x86.Build.0 = Release|Any CPU
		{7ED83239-B160-49BE-BEA5-4BA509142E77}.Release|x86.Deploy.0 = Release|Any CPU
		{9008D460-D5E5-42C8-B3AA-67C14F795F8A}.Ad-Hoc|Any CPU.ActiveCfg = Ad-Hoc|iPhone
		{9008D460-D5E5-42C8-B3AA-67C14F795F8A}.Ad-Hoc|ARM.ActiveCfg = Ad-Hoc|iPhone
		{9008D460-D5E5-42C8-B3AA-67C14F795F8A}.Ad-Hoc|iPhone.ActiveCfg = Ad-Hoc|iPhone
		{9008D460-D5E5-42C8-B3AA-67C14F795F8A}.Ad-Hoc|iPhone.Build.0 = Ad-Hoc|iPhone
		{9008D460-D5E5-42C8-B3AA-67C14F795F8A}.Ad-Hoc|iPhoneSimulator.ActiveCfg = Ad-Hoc|iPhoneSimulator
		{9008D460-D5E5-42C8-B3AA-67C14F795F8A}.Ad-Hoc|iPhoneSimulator.Build.0 = Ad-Hoc|iPhoneSimulator
		{9008D460-D5E5-42C8-B3AA-67C14F795F8A}.Ad-Hoc|x64.ActiveCfg = Ad-Hoc|iPhone
		{9008D460-D5E5-42C8-B3AA-67C14F795F8A}.Ad-Hoc|x86.ActiveCfg = Ad-Hoc|iPhone
		{9008D460-D5E5-42C8-B3AA-67C14F795F8A}.AppStore|Any CPU.ActiveCfg = AppStore|iPhone
		{9008D460-D5E5-42C8-B3AA-67C14F795F8A}.AppStore|ARM.ActiveCfg = AppStore|iPhone
		{9008D460-D5E5-42C8-B3AA-67C14F795F8A}.AppStore|iPhone.ActiveCfg = AppStore|iPhone
		{9008D460-D5E5-42C8-B3AA-67C14F795F8A}.AppStore|iPhone.Build.0 = AppStore|iPhone
		{9008D460-D5E5-42C8-B3AA-67C14F795F8A}.AppStore|iPhoneSimulator.ActiveCfg = AppStore|iPhoneSimulator
		{9008D460-D5E5-42C8-B3AA-67C14F795F8A}.AppStore|iPhoneSimulator.Build.0 = AppStore|iPhoneSimulator
		{9008D460-D5E5-42C8-B3AA-67C14F795F8A}.AppStore|x64.ActiveCfg = AppStore|iPhone
		{9008D460-D5E5-42C8-B3AA-67C14F795F8A}.AppStore|x86.ActiveCfg = AppStore|iPhone
		{9008D460-D5E5-42C8-B3AA-67C14F795F8A}.Debug|Any CPU.ActiveCfg = Debug|iPhone
		{9008D460-D5E5-42C8-B3AA-67C14F795F8A}.Debug|ARM.ActiveCfg = Debug|iPhone
		{9008D460-D5E5-42C8-B3AA-67C14F795F8A}.Debug|iPhone.ActiveCfg = Debug|iPhone
		{9008D460-D5E5-42C8-B3AA-67C14F795F8A}.Debug|iPhone.Build.0 = Debug|iPhone
		{9008D460-D5E5-42C8-B3AA-67C14F795F8A}.Debug|iPhoneSimulator.ActiveCfg = Debug|iPhoneSimulator
		{9008D460-D5E5-42C8-B3AA-67C14F795F8A}.Debug|iPhoneSimulator.Build.0 = Debug|iPhoneSimulator
		{9008D460-D5E5-42C8-B3AA-67C14F795F8A}.Debug|x64.ActiveCfg = Debug|iPhone
		{9008D460-D5E5-42C8-B3AA-67C14F795F8A}.Debug|x86.ActiveCfg = Debug|iPhone
		{9008D460-D5E5-42C8-B3AA-67C14F795F8A}.Release|Any CPU.ActiveCfg = Release|iPhone
		{9008D460-D5E5-42C8-B3AA-67C14F795F8A}.Release|ARM.ActiveCfg = Release|iPhone
		{9008D460-D5E5-42C8-B3AA-67C14F795F8A}.Release|iPhone.ActiveCfg = Release|iPhone
		{9008D460-D5E5-42C8-B3AA-67C14F795F8A}.Release|iPhone.Build.0 = Release|iPhone
		{9008D460-D5E5-42C8-B3AA-67C14F795F8A}.Release|iPhoneSimulator.ActiveCfg = Release|iPhoneSimulator
		{9008D460-D5E5-42C8-B3AA-67C14F795F8A}.Release|iPhoneSimulator.Build.0 = Release|iPhoneSimulator
		{9008D460-D5E5-42C8-B3AA-67C14F795F8A}.Release|x64.ActiveCfg = Release|iPhone
		{9008D460-D5E5-42C8-B3AA-67C14F795F8A}.Release|x86.ActiveCfg = Release|iPhone
		{D86293CE-FD06-4531-AC2C-46192A11701A}.Ad-Hoc|Any CPU.ActiveCfg = Release|Any CPU
		{D86293CE-FD06-4531-AC2C-46192A11701A}.Ad-Hoc|Any CPU.Build.0 = Release|Any CPU
		{D86293CE-FD06-4531-AC2C-46192A11701A}.Ad-Hoc|Any CPU.Deploy.0 = Release|Any CPU
		{D86293CE-FD06-4531-AC2C-46192A11701A}.Ad-Hoc|ARM.ActiveCfg = Release|ARM
		{D86293CE-FD06-4531-AC2C-46192A11701A}.Ad-Hoc|ARM.Build.0 = Release|ARM
		{D86293CE-FD06-4531-AC2C-46192A11701A}.Ad-Hoc|ARM.Deploy.0 = Release|ARM
		{D86293CE-FD06-4531-AC2C-46192A11701A}.Ad-Hoc|iPhone.ActiveCfg = Release|Any CPU
		{D86293CE-FD06-4531-AC2C-46192A11701A}.Ad-Hoc|iPhone.Build.0 = Release|Any CPU
		{D86293CE-FD06-4531-AC2C-46192A11701A}.Ad-Hoc|iPhone.Deploy.0 = Release|Any CPU
		{D86293CE-FD06-4531-AC2C-46192A11701A}.Ad-Hoc|iPhoneSimulator.ActiveCfg = Release|Any CPU
		{D86293CE-FD06-4531-AC2C-46192A11701A}.Ad-Hoc|iPhoneSimulator.Build.0 = Release|Any CPU
		{D86293CE-FD06-4531-AC2C-46192A11701A}.Ad-Hoc|iPhoneSimulator.Deploy.0 = Release|Any CPU
		{D86293CE-FD06-4531-AC2C-46192A11701A}.Ad-Hoc|x64.ActiveCfg = Release|Any CPU
		{D86293CE-FD06-4531-AC2C-46192A11701A}.Ad-Hoc|x64.Build.0 = Release|Any CPU
		{D86293CE-FD06-4531-AC2C-46192A11701A}.Ad-Hoc|x64.Deploy.0 = Release|Any CPU
		{D86293CE-FD06-4531-AC2C-46192A11701A}.Ad-Hoc|x86.ActiveCfg = Release|x86
		{D86293CE-FD06-4531-AC2C-46192A11701A}.Ad-Hoc|x86.Build.0 = Release|x86
		{D86293CE-FD06-4531-AC2C-46192A11701A}.Ad-Hoc|x86.Deploy.0 = Release|x86
		{D86293CE-FD06-4531-AC2C-46192A11701A}.AppStore|Any CPU.ActiveCfg = Release|Any CPU
		{D86293CE-FD06-4531-AC2C-46192A11701A}.AppStore|Any CPU.Build.0 = Release|Any CPU
		{D86293CE-FD06-4531-AC2C-46192A11701A}.AppStore|Any CPU.Deploy.0 = Release|Any CPU
		{D86293CE-FD06-4531-AC2C-46192A11701A}.AppStore|ARM.ActiveCfg = Release|ARM
		{D86293CE-FD06-4531-AC2C-46192A11701A}.AppStore|ARM.Build.0 = Release|ARM
		{D86293CE-FD06-4531-AC2C-46192A11701A}.AppStore|ARM.Deploy.0 = Release|ARM
		{D86293CE-FD06-4531-AC2C-46192A11701A}.AppStore|iPhone.ActiveCfg = Release|Any CPU
		{D86293CE-FD06-4531-AC2C-46192A11701A}.AppStore|iPhone.Build.0 = Release|Any CPU
		{D86293CE-FD06-4531-AC2C-46192A11701A}.AppStore|iPhone.Deploy.0 = Release|Any CPU
		{D86293CE-FD06-4531-AC2C-46192A11701A}.AppStore|iPhoneSimulator.ActiveCfg = Release|Any CPU
		{D86293CE-FD06-4531-AC2C-46192A11701A}.AppStore|iPhoneSimulator.Build.0 = Release|Any CPU
		{D86293CE-FD06-4531-AC2C-46192A11701A}.AppStore|iPhoneSimulator.Deploy.0 = Release|Any CPU
		{D86293CE-FD06-4531-AC2C-46192A11701A}.AppStore|x64.ActiveCfg = Release|Any CPU
		{D86293CE-FD06-4531-AC2C-46192A11701A}.AppStore|x64.Build.0 = Release|Any CPU
		{D86293CE-FD06-4531-AC2C-46192A11701A}.AppStore|x64.Deploy.0 = Release|Any CPU
		{D86293CE-FD06-4531-AC2C-46192A11701A}.AppStore|x86.ActiveCfg = Release|x86
		{D86293CE-FD06-4531-AC2C-46192A11701A}.AppStore|x86.Build.0 = Release|x86
		{D86293CE-FD06-4531-AC2C-46192A11701A}.AppStore|x86.Deploy.0 = Release|x86
		{D86293CE-FD06-4531-AC2C-46192A11701A}.Debug|Any CPU.ActiveCfg = Debug|Any CPU
		{D86293CE-FD06-4531-AC2C-46192A11701A}.Debug|Any CPU.Build.0 = Debug|Any CPU
		{D86293CE-FD06-4531-AC2C-46192A11701A}.Debug|Any CPU.Deploy.0 = Debug|Any CPU
		{D86293CE-FD06-4531-AC2C-46192A11701A}.Debug|ARM.ActiveCfg = Debug|ARM
		{D86293CE-FD06-4531-AC2C-46192A11701A}.Debug|ARM.Build.0 = Debug|ARM
		{D86293CE-FD06-4531-AC2C-46192A11701A}.Debug|ARM.Deploy.0 = Debug|ARM
		{D86293CE-FD06-4531-AC2C-46192A11701A}.Debug|iPhone.ActiveCfg = Debug|Any CPU
		{D86293CE-FD06-4531-AC2C-46192A11701A}.Debug|iPhone.Build.0 = Debug|Any CPU
		{D86293CE-FD06-4531-AC2C-46192A11701A}.Debug|iPhone.Deploy.0 = Debug|Any CPU
		{D86293CE-FD06-4531-AC2C-46192A11701A}.Debug|iPhoneSimulator.ActiveCfg = Debug|Any CPU
		{D86293CE-FD06-4531-AC2C-46192A11701A}.Debug|iPhoneSimulator.Build.0 = Debug|Any CPU
		{D86293CE-FD06-4531-AC2C-46192A11701A}.Debug|iPhoneSimulator.Deploy.0 = Debug|Any CPU
		{D86293CE-FD06-4531-AC2C-46192A11701A}.Debug|x64.ActiveCfg = Debug|Any CPU
		{D86293CE-FD06-4531-AC2C-46192A11701A}.Debug|x64.Build.0 = Debug|Any CPU
		{D86293CE-FD06-4531-AC2C-46192A11701A}.Debug|x64.Deploy.0 = Debug|Any CPU
		{D86293CE-FD06-4531-AC2C-46192A11701A}.Debug|x86.ActiveCfg = Debug|x86
		{D86293CE-FD06-4531-AC2C-46192A11701A}.Debug|x86.Build.0 = Debug|x86
		{D86293CE-FD06-4531-AC2C-46192A11701A}.Debug|x86.Deploy.0 = Debug|x86
		{D86293CE-FD06-4531-AC2C-46192A11701A}.Release|Any CPU.ActiveCfg = Release|Any CPU
		{D86293CE-FD06-4531-AC2C-46192A11701A}.Release|Any CPU.Build.0 = Release|Any CPU
		{D86293CE-FD06-4531-AC2C-46192A11701A}.Release|Any CPU.Deploy.0 = Release|Any CPU
		{D86293CE-FD06-4531-AC2C-46192A11701A}.Release|ARM.ActiveCfg = Release|ARM
		{D86293CE-FD06-4531-AC2C-46192A11701A}.Release|ARM.Build.0 = Release|ARM
		{D86293CE-FD06-4531-AC2C-46192A11701A}.Release|ARM.Deploy.0 = Release|ARM
		{D86293CE-FD06-4531-AC2C-46192A11701A}.Release|iPhone.ActiveCfg = Release|Any CPU
		{D86293CE-FD06-4531-AC2C-46192A11701A}.Release|iPhone.Build.0 = Release|Any CPU
		{D86293CE-FD06-4531-AC2C-46192A11701A}.Release|iPhone.Deploy.0 = Release|Any CPU
		{D86293CE-FD06-4531-AC2C-46192A11701A}.Release|iPhoneSimulator.ActiveCfg = Release|Any CPU
		{D86293CE-FD06-4531-AC2C-46192A11701A}.Release|iPhoneSimulator.Build.0 = Release|Any CPU
		{D86293CE-FD06-4531-AC2C-46192A11701A}.Release|iPhoneSimulator.Deploy.0 = Release|Any CPU
		{D86293CE-FD06-4531-AC2C-46192A11701A}.Release|x64.ActiveCfg = Release|Any CPU
		{D86293CE-FD06-4531-AC2C-46192A11701A}.Release|x64.Build.0 = Release|Any CPU
		{D86293CE-FD06-4531-AC2C-46192A11701A}.Release|x64.Deploy.0 = Release|Any CPU
		{D86293CE-FD06-4531-AC2C-46192A11701A}.Release|x86.ActiveCfg = Release|x86
		{D86293CE-FD06-4531-AC2C-46192A11701A}.Release|x86.Build.0 = Release|x86
		{D86293CE-FD06-4531-AC2C-46192A11701A}.Release|x86.Deploy.0 = Release|x86
		{4A14E58A-5D0D-4A14-AABD-7F69AB791EF6}.Ad-Hoc|Any CPU.ActiveCfg = Release|x86
		{4A14E58A-5D0D-4A14-AABD-7F69AB791EF6}.Ad-Hoc|Any CPU.Build.0 = Release|x86
		{4A14E58A-5D0D-4A14-AABD-7F69AB791EF6}.Ad-Hoc|Any CPU.Deploy.0 = Release|x86
		{4A14E58A-5D0D-4A14-AABD-7F69AB791EF6}.Ad-Hoc|ARM.ActiveCfg = Release|ARM
		{4A14E58A-5D0D-4A14-AABD-7F69AB791EF6}.Ad-Hoc|ARM.Build.0 = Release|ARM
		{4A14E58A-5D0D-4A14-AABD-7F69AB791EF6}.Ad-Hoc|ARM.Deploy.0 = Release|ARM
		{4A14E58A-5D0D-4A14-AABD-7F69AB791EF6}.Ad-Hoc|iPhone.ActiveCfg = Release|x86
		{4A14E58A-5D0D-4A14-AABD-7F69AB791EF6}.Ad-Hoc|iPhone.Build.0 = Release|x86
		{4A14E58A-5D0D-4A14-AABD-7F69AB791EF6}.Ad-Hoc|iPhone.Deploy.0 = Release|x86
		{4A14E58A-5D0D-4A14-AABD-7F69AB791EF6}.Ad-Hoc|iPhoneSimulator.ActiveCfg = Release|x86
		{4A14E58A-5D0D-4A14-AABD-7F69AB791EF6}.Ad-Hoc|iPhoneSimulator.Build.0 = Release|x86
		{4A14E58A-5D0D-4A14-AABD-7F69AB791EF6}.Ad-Hoc|iPhoneSimulator.Deploy.0 = Release|x86
		{4A14E58A-5D0D-4A14-AABD-7F69AB791EF6}.Ad-Hoc|x64.ActiveCfg = Release|x64
		{4A14E58A-5D0D-4A14-AABD-7F69AB791EF6}.Ad-Hoc|x64.Build.0 = Release|x64
		{4A14E58A-5D0D-4A14-AABD-7F69AB791EF6}.Ad-Hoc|x64.Deploy.0 = Release|x64
		{4A14E58A-5D0D-4A14-AABD-7F69AB791EF6}.Ad-Hoc|x86.ActiveCfg = Release|x86
		{4A14E58A-5D0D-4A14-AABD-7F69AB791EF6}.Ad-Hoc|x86.Build.0 = Release|x86
		{4A14E58A-5D0D-4A14-AABD-7F69AB791EF6}.Ad-Hoc|x86.Deploy.0 = Release|x86
		{4A14E58A-5D0D-4A14-AABD-7F69AB791EF6}.AppStore|Any CPU.ActiveCfg = Release|x86
		{4A14E58A-5D0D-4A14-AABD-7F69AB791EF6}.AppStore|Any CPU.Build.0 = Release|x86
		{4A14E58A-5D0D-4A14-AABD-7F69AB791EF6}.AppStore|Any CPU.Deploy.0 = Release|x86
		{4A14E58A-5D0D-4A14-AABD-7F69AB791EF6}.AppStore|ARM.ActiveCfg = Release|ARM
		{4A14E58A-5D0D-4A14-AABD-7F69AB791EF6}.AppStore|ARM.Build.0 = Release|ARM
		{4A14E58A-5D0D-4A14-AABD-7F69AB791EF6}.AppStore|ARM.Deploy.0 = Release|ARM
		{4A14E58A-5D0D-4A14-AABD-7F69AB791EF6}.AppStore|iPhone.ActiveCfg = Release|x86
		{4A14E58A-5D0D-4A14-AABD-7F69AB791EF6}.AppStore|iPhone.Build.0 = Release|x86
		{4A14E58A-5D0D-4A14-AABD-7F69AB791EF6}.AppStore|iPhone.Deploy.0 = Release|x86
		{4A14E58A-5D0D-4A14-AABD-7F69AB791EF6}.AppStore|iPhoneSimulator.ActiveCfg = Release|x86
		{4A14E58A-5D0D-4A14-AABD-7F69AB791EF6}.AppStore|iPhoneSimulator.Build.0 = Release|x86
		{4A14E58A-5D0D-4A14-AABD-7F69AB791EF6}.AppStore|iPhoneSimulator.Deploy.0 = Release|x86
		{4A14E58A-5D0D-4A14-AABD-7F69AB791EF6}.AppStore|x64.ActiveCfg = Release|x64
		{4A14E58A-5D0D-4A14-AABD-7F69AB791EF6}.AppStore|x64.Build.0 = Release|x64
		{4A14E58A-5D0D-4A14-AABD-7F69AB791EF6}.AppStore|x64.Deploy.0 = Release|x64
		{4A14E58A-5D0D-4A14-AABD-7F69AB791EF6}.AppStore|x86.ActiveCfg = Release|x86
		{4A14E58A-5D0D-4A14-AABD-7F69AB791EF6}.AppStore|x86.Build.0 = Release|x86
		{4A14E58A-5D0D-4A14-AABD-7F69AB791EF6}.AppStore|x86.Deploy.0 = Release|x86
		{4A14E58A-5D0D-4A14-AABD-7F69AB791EF6}.Debug|Any CPU.ActiveCfg = Debug|x86
		{4A14E58A-5D0D-4A14-AABD-7F69AB791EF6}.Debug|ARM.ActiveCfg = Debug|ARM
		{4A14E58A-5D0D-4A14-AABD-7F69AB791EF6}.Debug|ARM.Build.0 = Debug|ARM
		{4A14E58A-5D0D-4A14-AABD-7F69AB791EF6}.Debug|ARM.Deploy.0 = Debug|ARM
		{4A14E58A-5D0D-4A14-AABD-7F69AB791EF6}.Debug|iPhone.ActiveCfg = Debug|x86
		{4A14E58A-5D0D-4A14-AABD-7F69AB791EF6}.Debug|iPhoneSimulator.ActiveCfg = Debug|x86
		{4A14E58A-5D0D-4A14-AABD-7F69AB791EF6}.Debug|x64.ActiveCfg = Debug|x64
		{4A14E58A-5D0D-4A14-AABD-7F69AB791EF6}.Debug|x64.Build.0 = Debug|x64
		{4A14E58A-5D0D-4A14-AABD-7F69AB791EF6}.Debug|x64.Deploy.0 = Debug|x64
		{4A14E58A-5D0D-4A14-AABD-7F69AB791EF6}.Debug|x86.ActiveCfg = Debug|x86
		{4A14E58A-5D0D-4A14-AABD-7F69AB791EF6}.Debug|x86.Build.0 = Debug|x86
		{4A14E58A-5D0D-4A14-AABD-7F69AB791EF6}.Debug|x86.Deploy.0 = Debug|x86
		{4A14E58A-5D0D-4A14-AABD-7F69AB791EF6}.Release|Any CPU.ActiveCfg = Release|x86
		{4A14E58A-5D0D-4A14-AABD-7F69AB791EF6}.Release|ARM.ActiveCfg = Release|ARM
		{4A14E58A-5D0D-4A14-AABD-7F69AB791EF6}.Release|ARM.Build.0 = Release|ARM
		{4A14E58A-5D0D-4A14-AABD-7F69AB791EF6}.Release|ARM.Deploy.0 = Release|ARM
		{4A14E58A-5D0D-4A14-AABD-7F69AB791EF6}.Release|iPhone.ActiveCfg = Release|x86
		{4A14E58A-5D0D-4A14-AABD-7F69AB791EF6}.Release|iPhoneSimulator.ActiveCfg = Release|x86
		{4A14E58A-5D0D-4A14-AABD-7F69AB791EF6}.Release|x64.ActiveCfg = Release|x64
		{4A14E58A-5D0D-4A14-AABD-7F69AB791EF6}.Release|x64.Build.0 = Release|x64
		{4A14E58A-5D0D-4A14-AABD-7F69AB791EF6}.Release|x64.Deploy.0 = Release|x64
		{4A14E58A-5D0D-4A14-AABD-7F69AB791EF6}.Release|x86.ActiveCfg = Release|x86
		{4A14E58A-5D0D-4A14-AABD-7F69AB791EF6}.Release|x86.Build.0 = Release|x86
		{4A14E58A-5D0D-4A14-AABD-7F69AB791EF6}.Release|x86.Deploy.0 = Release|x86
		{FC766D25-9208-4A2C-9BA4-DBC89DA5EB43}.Ad-Hoc|Any CPU.ActiveCfg = Release|Any CPU
		{FC766D25-9208-4A2C-9BA4-DBC89DA5EB43}.Ad-Hoc|Any CPU.Build.0 = Release|Any CPU
		{FC766D25-9208-4A2C-9BA4-DBC89DA5EB43}.Ad-Hoc|Any CPU.Deploy.0 = Release|Any CPU
		{FC766D25-9208-4A2C-9BA4-DBC89DA5EB43}.Ad-Hoc|ARM.ActiveCfg = Release|ARM
		{FC766D25-9208-4A2C-9BA4-DBC89DA5EB43}.Ad-Hoc|ARM.Build.0 = Release|ARM
		{FC766D25-9208-4A2C-9BA4-DBC89DA5EB43}.Ad-Hoc|ARM.Deploy.0 = Release|ARM
		{FC766D25-9208-4A2C-9BA4-DBC89DA5EB43}.Ad-Hoc|iPhone.ActiveCfg = Release|Any CPU
		{FC766D25-9208-4A2C-9BA4-DBC89DA5EB43}.Ad-Hoc|iPhone.Build.0 = Release|Any CPU
		{FC766D25-9208-4A2C-9BA4-DBC89DA5EB43}.Ad-Hoc|iPhone.Deploy.0 = Release|Any CPU
		{FC766D25-9208-4A2C-9BA4-DBC89DA5EB43}.Ad-Hoc|iPhoneSimulator.ActiveCfg = Release|Any CPU
		{FC766D25-9208-4A2C-9BA4-DBC89DA5EB43}.Ad-Hoc|iPhoneSimulator.Build.0 = Release|Any CPU
		{FC766D25-9208-4A2C-9BA4-DBC89DA5EB43}.Ad-Hoc|iPhoneSimulator.Deploy.0 = Release|Any CPU
		{FC766D25-9208-4A2C-9BA4-DBC89DA5EB43}.Ad-Hoc|x64.ActiveCfg = Release|x64
		{FC766D25-9208-4A2C-9BA4-DBC89DA5EB43}.Ad-Hoc|x64.Build.0 = Release|x64
		{FC766D25-9208-4A2C-9BA4-DBC89DA5EB43}.Ad-Hoc|x64.Deploy.0 = Release|x64
		{FC766D25-9208-4A2C-9BA4-DBC89DA5EB43}.Ad-Hoc|x86.ActiveCfg = Release|x86
		{FC766D25-9208-4A2C-9BA4-DBC89DA5EB43}.Ad-Hoc|x86.Build.0 = Release|x86
		{FC766D25-9208-4A2C-9BA4-DBC89DA5EB43}.Ad-Hoc|x86.Deploy.0 = Release|x86
		{FC766D25-9208-4A2C-9BA4-DBC89DA5EB43}.AppStore|Any CPU.ActiveCfg = Release|Any CPU
		{FC766D25-9208-4A2C-9BA4-DBC89DA5EB43}.AppStore|Any CPU.Build.0 = Release|Any CPU
		{FC766D25-9208-4A2C-9BA4-DBC89DA5EB43}.AppStore|Any CPU.Deploy.0 = Release|Any CPU
		{FC766D25-9208-4A2C-9BA4-DBC89DA5EB43}.AppStore|ARM.ActiveCfg = Release|ARM
		{FC766D25-9208-4A2C-9BA4-DBC89DA5EB43}.AppStore|ARM.Build.0 = Release|ARM
		{FC766D25-9208-4A2C-9BA4-DBC89DA5EB43}.AppStore|ARM.Deploy.0 = Release|ARM
		{FC766D25-9208-4A2C-9BA4-DBC89DA5EB43}.AppStore|iPhone.ActiveCfg = Release|Any CPU
		{FC766D25-9208-4A2C-9BA4-DBC89DA5EB43}.AppStore|iPhone.Build.0 = Release|Any CPU
		{FC766D25-9208-4A2C-9BA4-DBC89DA5EB43}.AppStore|iPhone.Deploy.0 = Release|Any CPU
		{FC766D25-9208-4A2C-9BA4-DBC89DA5EB43}.AppStore|iPhoneSimulator.ActiveCfg = Release|Any CPU
		{FC766D25-9208-4A2C-9BA4-DBC89DA5EB43}.AppStore|iPhoneSimulator.Build.0 = Release|Any CPU
		{FC766D25-9208-4A2C-9BA4-DBC89DA5EB43}.AppStore|iPhoneSimulator.Deploy.0 = Release|Any CPU
		{FC766D25-9208-4A2C-9BA4-DBC89DA5EB43}.AppStore|x64.ActiveCfg = Release|x64
		{FC766D25-9208-4A2C-9BA4-DBC89DA5EB43}.AppStore|x64.Build.0 = Release|x64
		{FC766D25-9208-4A2C-9BA4-DBC89DA5EB43}.AppStore|x64.Deploy.0 = Release|x64
		{FC766D25-9208-4A2C-9BA4-DBC89DA5EB43}.AppStore|x86.ActiveCfg = Release|x86
		{FC766D25-9208-4A2C-9BA4-DBC89DA5EB43}.AppStore|x86.Build.0 = Release|x86
		{FC766D25-9208-4A2C-9BA4-DBC89DA5EB43}.AppStore|x86.Deploy.0 = Release|x86
		{FC766D25-9208-4A2C-9BA4-DBC89DA5EB43}.Debug|Any CPU.ActiveCfg = Debug|Any CPU
		{FC766D25-9208-4A2C-9BA4-DBC89DA5EB43}.Debug|Any CPU.Build.0 = Debug|Any CPU
		{FC766D25-9208-4A2C-9BA4-DBC89DA5EB43}.Debug|Any CPU.Deploy.0 = Debug|Any CPU
		{FC766D25-9208-4A2C-9BA4-DBC89DA5EB43}.Debug|ARM.ActiveCfg = Debug|ARM
		{FC766D25-9208-4A2C-9BA4-DBC89DA5EB43}.Debug|ARM.Build.0 = Debug|ARM
		{FC766D25-9208-4A2C-9BA4-DBC89DA5EB43}.Debug|ARM.Deploy.0 = Debug|ARM
		{FC766D25-9208-4A2C-9BA4-DBC89DA5EB43}.Debug|iPhone.ActiveCfg = Debug|Any CPU
		{FC766D25-9208-4A2C-9BA4-DBC89DA5EB43}.Debug|iPhone.Build.0 = Debug|Any CPU
		{FC766D25-9208-4A2C-9BA4-DBC89DA5EB43}.Debug|iPhone.Deploy.0 = Debug|Any CPU
		{FC766D25-9208-4A2C-9BA4-DBC89DA5EB43}.Debug|iPhoneSimulator.ActiveCfg = Debug|Any CPU
		{FC766D25-9208-4A2C-9BA4-DBC89DA5EB43}.Debug|iPhoneSimulator.Build.0 = Debug|Any CPU
		{FC766D25-9208-4A2C-9BA4-DBC89DA5EB43}.Debug|iPhoneSimulator.Deploy.0 = Debug|Any CPU
		{FC766D25-9208-4A2C-9BA4-DBC89DA5EB43}.Debug|x64.ActiveCfg = Debug|x64
		{FC766D25-9208-4A2C-9BA4-DBC89DA5EB43}.Debug|x64.Build.0 = Debug|x64
		{FC766D25-9208-4A2C-9BA4-DBC89DA5EB43}.Debug|x64.Deploy.0 = Debug|x64
		{FC766D25-9208-4A2C-9BA4-DBC89DA5EB43}.Debug|x86.ActiveCfg = Debug|x86
		{FC766D25-9208-4A2C-9BA4-DBC89DA5EB43}.Debug|x86.Build.0 = Debug|x86
		{FC766D25-9208-4A2C-9BA4-DBC89DA5EB43}.Debug|x86.Deploy.0 = Debug|x86
		{FC766D25-9208-4A2C-9BA4-DBC89DA5EB43}.Release|Any CPU.ActiveCfg = Release|Any CPU
		{FC766D25-9208-4A2C-9BA4-DBC89DA5EB43}.Release|Any CPU.Build.0 = Release|Any CPU
		{FC766D25-9208-4A2C-9BA4-DBC89DA5EB43}.Release|Any CPU.Deploy.0 = Release|Any CPU
		{FC766D25-9208-4A2C-9BA4-DBC89DA5EB43}.Release|ARM.ActiveCfg = Release|ARM
		{FC766D25-9208-4A2C-9BA4-DBC89DA5EB43}.Release|ARM.Build.0 = Release|ARM
		{FC766D25-9208-4A2C-9BA4-DBC89DA5EB43}.Release|ARM.Deploy.0 = Release|ARM
		{FC766D25-9208-4A2C-9BA4-DBC89DA5EB43}.Release|iPhone.ActiveCfg = Release|Any CPU
		{FC766D25-9208-4A2C-9BA4-DBC89DA5EB43}.Release|iPhone.Build.0 = Release|Any CPU
		{FC766D25-9208-4A2C-9BA4-DBC89DA5EB43}.Release|iPhone.Deploy.0 = Release|Any CPU
		{FC766D25-9208-4A2C-9BA4-DBC89DA5EB43}.Release|iPhoneSimulator.ActiveCfg = Release|Any CPU
		{FC766D25-9208-4A2C-9BA4-DBC89DA5EB43}.Release|iPhoneSimulator.Build.0 = Release|Any CPU
		{FC766D25-9208-4A2C-9BA4-DBC89DA5EB43}.Release|iPhoneSimulator.Deploy.0 = Release|Any CPU
		{FC766D25-9208-4A2C-9BA4-DBC89DA5EB43}.Release|x64.ActiveCfg = Release|x64
		{FC766D25-9208-4A2C-9BA4-DBC89DA5EB43}.Release|x64.Build.0 = Release|x64
		{FC766D25-9208-4A2C-9BA4-DBC89DA5EB43}.Release|x64.Deploy.0 = Release|x64
		{FC766D25-9208-4A2C-9BA4-DBC89DA5EB43}.Release|x86.ActiveCfg = Release|x86
		{FC766D25-9208-4A2C-9BA4-DBC89DA5EB43}.Release|x86.Build.0 = Release|x86
		{FC766D25-9208-4A2C-9BA4-DBC89DA5EB43}.Release|x86.Deploy.0 = Release|x86
	EndGlobalSection
	GlobalSection(SolutionProperties) = preSolution
		HideSolutionNode = FALSE
	EndGlobalSection
	GlobalSection(NestedProjects) = preSolution
		{69FFAA45-FE3A-481F-A83C-471443C71B3F} = {82D201C6-ADB1-41C3-976D-5E4A91B41E07}
		{2406246B-24D7-4B8A-BB9C-B203D7BC2905} = {82D201C6-ADB1-41C3-976D-5E4A91B41E07}
		{1104712F-C0A9-402D-A179-00DD407F5D17} = {38B83BCE-5404-49F2-829F-637A42EE1097}
		{E8DF70B6-E143-4258-BBAC-803010EADAE8} = {38B83BCE-5404-49F2-829F-637A42EE1097}
		{4ED5F87B-22F2-4237-980C-4695C4F5F86D} = {E8DF70B6-E143-4258-BBAC-803010EADAE8}
		{0F72EC8C-A6C4-4F55-97B5-61384DA0B618} = {FE53529F-44DB-49C0-8A4C-EB3C4776BCBE}
		{F4F9EB7F-4FF7-44B2-8450-5D205748B62A} = {FE53529F-44DB-49C0-8A4C-EB3C4776BCBE}
		{7916B5D0-C36D-4175-B218-45A59563A1EE} = {FE53529F-44DB-49C0-8A4C-EB3C4776BCBE}
		{F75E77F5-DFDF-4D77-8943-E1861F87C156} = {1104712F-C0A9-402D-A179-00DD407F5D17}
		{2EC8C424-F62F-4AE0-852F-41F75F2A003C} = {0F72EC8C-A6C4-4F55-97B5-61384DA0B618}
		{58C0AA55-D516-44A8-83D5-A5186627FB85} = {EE06930C-DFD5-4A8C-93BD-D8D389902D78}
		{6AC6054C-3338-437D-BEE9-7E85BF62BBE3} = {E8DF70B6-E143-4258-BBAC-803010EADAE8}
		{9B892233-5BF2-4844-A9BF-565F5219ED5E} = {7916B5D0-C36D-4175-B218-45A59563A1EE}
		{7ED83239-B160-49BE-BEA5-4BA509142E77} = {7916B5D0-C36D-4175-B218-45A59563A1EE}
		{9008D460-D5E5-42C8-B3AA-67C14F795F8A} = {7916B5D0-C36D-4175-B218-45A59563A1EE}
		{D86293CE-FD06-4531-AC2C-46192A11701A} = {7916B5D0-C36D-4175-B218-45A59563A1EE}
		{4A14E58A-5D0D-4A14-AABD-7F69AB791EF6} = {7916B5D0-C36D-4175-B218-45A59563A1EE}
		{FC766D25-9208-4A2C-9BA4-DBC89DA5EB43} = {7916B5D0-C36D-4175-B218-45A59563A1EE}
	EndGlobalSection
EndGlobal
